// !$*UTF8*$!
{
	archiveVersion = 1;
	classes = {
	};
	objectVersion = 50;
	objects = {

/* Begin PBXBuildFile section */
		098B52160D039C2EF2E76408 /* libPods-ToDoListTests.a in Frameworks */ = {isa = PBXBuildFile; fileRef = 4A32F0439EECD74BD7C35CB9 /* libPods-ToDoListTests.a */; };
		92A688FDB30EB82BB13A1D5A /* libPods-ToDoList.a in Frameworks */ = {isa = PBXBuildFile; fileRef = B696FC9F5503A152EC3B6663 /* libPods-ToDoList.a */; };
		B26ED11704AD11B171527577 /* libPods-ToDoListUITests.a in Frameworks */ = {isa = PBXBuildFile; fileRef = E2337FAFB56905FA9ECA9F2C /* libPods-ToDoListUITests.a */; };
		B465FDAE218BF42100C71A83 /* AppDelegate.m in Sources */ = {isa = PBXBuildFile; fileRef = B465FDAD218BF42100C71A83 /* AppDelegate.m */; };
		B465FDB1218BF42100C71A83 /* ViewController.m in Sources */ = {isa = PBXBuildFile; fileRef = B465FDB0218BF42100C71A83 /* ViewController.m */; };
		B465FDB4218BF42100C71A83 /* Main.storyboard in Resources */ = {isa = PBXBuildFile; fileRef = B465FDB2218BF42100C71A83 /* Main.storyboard */; };
		B465FDB6218BF42300C71A83 /* Assets.xcassets in Resources */ = {isa = PBXBuildFile; fileRef = B465FDB5218BF42300C71A83 /* Assets.xcassets */; };
		B465FDB9218BF42300C71A83 /* LaunchScreen.storyboard in Resources */ = {isa = PBXBuildFile; fileRef = B465FDB7218BF42300C71A83 /* LaunchScreen.storyboard */; };
		B465FDBC218BF42300C71A83 /* main.m in Sources */ = {isa = PBXBuildFile; fileRef = B465FDBB218BF42300C71A83 /* main.m */; };
		B465FDC6218BF42300C71A83 /* ToDoListTests.m in Sources */ = {isa = PBXBuildFile; fileRef = B465FDC5218BF42300C71A83 /* ToDoListTests.m */; };
		B465FDD1218BF42300C71A83 /* ToDoListUITests.m in Sources */ = {isa = PBXBuildFile; fileRef = B465FDD0218BF42300C71A83 /* ToDoListUITests.m */; };
/* End PBXBuildFile section */

/* Begin PBXContainerItemProxy section */
		B465FDC2218BF42300C71A83 /* PBXContainerItemProxy */ = {
			isa = PBXContainerItemProxy;
			containerPortal = B465FDA1218BF42100C71A83 /* Project object */;
			proxyType = 1;
			remoteGlobalIDString = B465FDA8218BF42100C71A83;
			remoteInfo = ToDoList;
		};
		B465FDCD218BF42300C71A83 /* PBXContainerItemProxy */ = {
			isa = PBXContainerItemProxy;
			containerPortal = B465FDA1218BF42100C71A83 /* Project object */;
			proxyType = 1;
			remoteGlobalIDString = B465FDA8218BF42100C71A83;
			remoteInfo = ToDoList;
		};
/* End PBXContainerItemProxy section */

/* Begin PBXFileReference section */
		21C75490A20812DB4A7B9DDE /* Pods-ToDoListUITests.debug.xcconfig */ = {isa = PBXFileReference; includeInIndex = 1; lastKnownFileType = text.xcconfig; name = "Pods-ToDoListUITests.debug.xcconfig"; path = "Pods/Target Support Files/Pods-ToDoListUITests/Pods-ToDoListUITests.debug.xcconfig"; sourceTree = "<group>"; };
		4A32F0439EECD74BD7C35CB9 /* libPods-ToDoListTests.a */ = {isa = PBXFileReference; explicitFileType = archive.ar; includeInIndex = 0; path = "libPods-ToDoListTests.a"; sourceTree = BUILT_PRODUCTS_DIR; };
		9F101C1A821560DF16F22C6D /* Pods-ToDoList.release.xcconfig */ = {isa = PBXFileReference; includeInIndex = 1; lastKnownFileType = text.xcconfig; name = "Pods-ToDoList.release.xcconfig"; path = "Pods/Target Support Files/Pods-ToDoList/Pods-ToDoList.release.xcconfig"; sourceTree = "<group>"; };
		B465FDA9218BF42100C71A83 /* ToDoList.app */ = {isa = PBXFileReference; explicitFileType = wrapper.application; includeInIndex = 0; path = ToDoList.app; sourceTree = BUILT_PRODUCTS_DIR; };
		B465FDAC218BF42100C71A83 /* AppDelegate.h */ = {isa = PBXFileReference; lastKnownFileType = sourcecode.c.h; path = AppDelegate.h; sourceTree = "<group>"; };
		B465FDAD218BF42100C71A83 /* AppDelegate.m */ = {isa = PBXFileReference; lastKnownFileType = sourcecode.c.objc; path = AppDelegate.m; sourceTree = "<group>"; };
		B465FDAF218BF42100C71A83 /* ViewController.h */ = {isa = PBXFileReference; lastKnownFileType = sourcecode.c.h; path = ViewController.h; sourceTree = "<group>"; };
		B465FDB0218BF42100C71A83 /* ViewController.m */ = {isa = PBXFileReference; lastKnownFileType = sourcecode.c.objc; path = ViewController.m; sourceTree = "<group>"; };
		B465FDB3218BF42100C71A83 /* Base */ = {isa = PBXFileReference; lastKnownFileType = file.storyboard; name = Base; path = Base.lproj/Main.storyboard; sourceTree = "<group>"; };
		B465FDB5218BF42300C71A83 /* Assets.xcassets */ = {isa = PBXFileReference; lastKnownFileType = folder.assetcatalog; path = Assets.xcassets; sourceTree = "<group>"; };
		B465FDB8218BF42300C71A83 /* Base */ = {isa = PBXFileReference; lastKnownFileType = file.storyboard; name = Base; path = Base.lproj/LaunchScreen.storyboard; sourceTree = "<group>"; };
		B465FDBA218BF42300C71A83 /* Info.plist */ = {isa = PBXFileReference; lastKnownFileType = text.plist.xml; path = Info.plist; sourceTree = "<group>"; };
		B465FDBB218BF42300C71A83 /* main.m */ = {isa = PBXFileReference; lastKnownFileType = sourcecode.c.objc; path = main.m; sourceTree = "<group>"; };
		B465FDC1218BF42300C71A83 /* ToDoListTests.xctest */ = {isa = PBXFileReference; explicitFileType = wrapper.cfbundle; includeInIndex = 0; path = ToDoListTests.xctest; sourceTree = BUILT_PRODUCTS_DIR; };
		B465FDC5218BF42300C71A83 /* ToDoListTests.m */ = {isa = PBXFileReference; lastKnownFileType = sourcecode.c.objc; path = ToDoListTests.m; sourceTree = "<group>"; };
		B465FDC7218BF42300C71A83 /* Info.plist */ = {isa = PBXFileReference; lastKnownFileType = text.plist.xml; path = Info.plist; sourceTree = "<group>"; };
		B465FDCC218BF42300C71A83 /* ToDoListUITests.xctest */ = {isa = PBXFileReference; explicitFileType = wrapper.cfbundle; includeInIndex = 0; path = ToDoListUITests.xctest; sourceTree = BUILT_PRODUCTS_DIR; };
		B465FDD0218BF42300C71A83 /* ToDoListUITests.m */ = {isa = PBXFileReference; lastKnownFileType = sourcecode.c.objc; path = ToDoListUITests.m; sourceTree = "<group>"; };
		B465FDD2218BF42300C71A83 /* Info.plist */ = {isa = PBXFileReference; lastKnownFileType = text.plist.xml; path = Info.plist; sourceTree = "<group>"; };
		B4E2C64221BE0B8200982D90 /* fastlane */ = {isa = PBXFileReference; lastKnownFileType = folder; path = fastlane; sourceTree = "<group>"; };
		B696FC9F5503A152EC3B6663 /* libPods-ToDoList.a */ = {isa = PBXFileReference; explicitFileType = archive.ar; includeInIndex = 0; path = "libPods-ToDoList.a"; sourceTree = BUILT_PRODUCTS_DIR; };
		C08507C135BE2CAB450872E1 /* Pods-ToDoListTests.release.xcconfig */ = {isa = PBXFileReference; includeInIndex = 1; lastKnownFileType = text.xcconfig; name = "Pods-ToDoListTests.release.xcconfig"; path = "Pods/Target Support Files/Pods-ToDoListTests/Pods-ToDoListTests.release.xcconfig"; sourceTree = "<group>"; };
		CBD8681334E991C6E303A41A /* Pods-ToDoListTests.debug.xcconfig */ = {isa = PBXFileReference; includeInIndex = 1; lastKnownFileType = text.xcconfig; name = "Pods-ToDoListTests.debug.xcconfig"; path = "Pods/Target Support Files/Pods-ToDoListTests/Pods-ToDoListTests.debug.xcconfig"; sourceTree = "<group>"; };
		E195059A2FD84D5532339CD9 /* Pods-ToDoList.debug.xcconfig */ = {isa = PBXFileReference; includeInIndex = 1; lastKnownFileType = text.xcconfig; name = "Pods-ToDoList.debug.xcconfig"; path = "Pods/Target Support Files/Pods-ToDoList/Pods-ToDoList.debug.xcconfig"; sourceTree = "<group>"; };
		E2337FAFB56905FA9ECA9F2C /* libPods-ToDoListUITests.a */ = {isa = PBXFileReference; explicitFileType = archive.ar; includeInIndex = 0; path = "libPods-ToDoListUITests.a"; sourceTree = BUILT_PRODUCTS_DIR; };
		ED2547486D958DD086D66210 /* Pods-ToDoListUITests.release.xcconfig */ = {isa = PBXFileReference; includeInIndex = 1; lastKnownFileType = text.xcconfig; name = "Pods-ToDoListUITests.release.xcconfig"; path = "Pods/Target Support Files/Pods-ToDoListUITests/Pods-ToDoListUITests.release.xcconfig"; sourceTree = "<group>"; };
/* End PBXFileReference section */

/* Begin PBXFrameworksBuildPhase section */
		B465FDA6218BF42100C71A83 /* Frameworks */ = {
			isa = PBXFrameworksBuildPhase;
			buildActionMask = 2147483647;
			files = (
				92A688FDB30EB82BB13A1D5A /* libPods-ToDoList.a in Frameworks */,
			);
			runOnlyForDeploymentPostprocessing = 0;
		};
		B465FDBE218BF42300C71A83 /* Frameworks */ = {
			isa = PBXFrameworksBuildPhase;
			buildActionMask = 2147483647;
			files = (
				098B52160D039C2EF2E76408 /* libPods-ToDoListTests.a in Frameworks */,
			);
			runOnlyForDeploymentPostprocessing = 0;
		};
		B465FDC9218BF42300C71A83 /* Frameworks */ = {
			isa = PBXFrameworksBuildPhase;
			buildActionMask = 2147483647;
			files = (
				B26ED11704AD11B171527577 /* libPods-ToDoListUITests.a in Frameworks */,
			);
			runOnlyForDeploymentPostprocessing = 0;
		};
/* End PBXFrameworksBuildPhase section */

/* Begin PBXGroup section */
		4F3F01714501B94ED181FF73 /* Frameworks */ = {
			isa = PBXGroup;
			children = (
				B696FC9F5503A152EC3B6663 /* libPods-ToDoList.a */,
				4A32F0439EECD74BD7C35CB9 /* libPods-ToDoListTests.a */,
				E2337FAFB56905FA9ECA9F2C /* libPods-ToDoListUITests.a */,
			);
			name = Frameworks;
			sourceTree = "<group>";
		};
		B465FDA0218BF42100C71A83 = {
			isa = PBXGroup;
			children = (
				B4E2C64221BE0B8200982D90 /* fastlane */,
				B465FDAB218BF42100C71A83 /* ToDoList */,
				B465FDC4218BF42300C71A83 /* ToDoListTests */,
				B465FDCF218BF42300C71A83 /* ToDoListUITests */,
				B465FDAA218BF42100C71A83 /* Products */,
				C9B4925BEF813BDFC755628E /* Pods */,
				4F3F01714501B94ED181FF73 /* Frameworks */,
			);
			sourceTree = "<group>";
		};
		B465FDAA218BF42100C71A83 /* Products */ = {
			isa = PBXGroup;
			children = (
				B465FDA9218BF42100C71A83 /* ToDoList.app */,
				B465FDC1218BF42300C71A83 /* ToDoListTests.xctest */,
				B465FDCC218BF42300C71A83 /* ToDoListUITests.xctest */,
			);
			name = Products;
			sourceTree = "<group>";
		};
		B465FDAB218BF42100C71A83 /* ToDoList */ = {
			isa = PBXGroup;
			children = (
				B47C067F21A53F7B0037D654 /* Network */,
				B465FDAC218BF42100C71A83 /* AppDelegate.h */,
				B465FDAD218BF42100C71A83 /* AppDelegate.m */,
				B465FDAF218BF42100C71A83 /* ViewController.h */,
				B465FDB0218BF42100C71A83 /* ViewController.m */,
				B465FDB2218BF42100C71A83 /* Main.storyboard */,
				B465FDB5218BF42300C71A83 /* Assets.xcassets */,
				B465FDB7218BF42300C71A83 /* LaunchScreen.storyboard */,
				B465FDBA218BF42300C71A83 /* Info.plist */,
				B465FDBB218BF42300C71A83 /* main.m */,
			);
			path = ToDoList;
			sourceTree = "<group>";
		};
		B465FDC4218BF42300C71A83 /* ToDoListTests */ = {
			isa = PBXGroup;
			children = (
				B465FDC5218BF42300C71A83 /* ToDoListTests.m */,
				B465FDC7218BF42300C71A83 /* Info.plist */,
			);
			path = ToDoListTests;
			sourceTree = "<group>";
		};
		B465FDCF218BF42300C71A83 /* ToDoListUITests */ = {
			isa = PBXGroup;
			children = (
				B465FDD0218BF42300C71A83 /* ToDoListUITests.m */,
				B465FDD2218BF42300C71A83 /* Info.plist */,
			);
			path = ToDoListUITests;
			sourceTree = "<group>";
		};
		B47C067F21A53F7B0037D654 /* Network */ = {
			isa = PBXGroup;
			children = (
			);
			path = Network;
			sourceTree = "<group>";
		};
		C9B4925BEF813BDFC755628E /* Pods */ = {
			isa = PBXGroup;
			children = (
				E195059A2FD84D5532339CD9 /* Pods-ToDoList.debug.xcconfig */,
				9F101C1A821560DF16F22C6D /* Pods-ToDoList.release.xcconfig */,
				CBD8681334E991C6E303A41A /* Pods-ToDoListTests.debug.xcconfig */,
				C08507C135BE2CAB450872E1 /* Pods-ToDoListTests.release.xcconfig */,
				21C75490A20812DB4A7B9DDE /* Pods-ToDoListUITests.debug.xcconfig */,
				ED2547486D958DD086D66210 /* Pods-ToDoListUITests.release.xcconfig */,
			);
			name = Pods;
			sourceTree = "<group>";
		};
/* End PBXGroup section */

/* Begin PBXNativeTarget section */
		B465FDA8218BF42100C71A83 /* ToDoList */ = {
			isa = PBXNativeTarget;
			buildConfigurationList = B465FDD5218BF42300C71A83 /* Build configuration list for PBXNativeTarget "ToDoList" */;
			buildPhases = (
				1FC0ED2A992233DA0D611C5C /* [CP] Check Pods Manifest.lock */,
				B465FDA5218BF42100C71A83 /* Sources */,
				B465FDA6218BF42100C71A83 /* Frameworks */,
				B465FDA7218BF42100C71A83 /* Resources */,
				CAEB72C4F2510AF36DD3590F /* [CP] Embed Pods Frameworks */,
				FFDF4DCB025CCC6A7A041C3D /* [CP] Copy Pods Resources */,
			);
			buildRules = (
			);
			dependencies = (
			);
			name = ToDoList;
			productName = ToDoList;
			productReference = B465FDA9218BF42100C71A83 /* ToDoList.app */;
			productType = "com.apple.product-type.application";
		};
		B465FDC0218BF42300C71A83 /* ToDoListTests */ = {
			isa = PBXNativeTarget;
			buildConfigurationList = B465FDD8218BF42300C71A83 /* Build configuration list for PBXNativeTarget "ToDoListTests" */;
			buildPhases = (
				7ADF6A552B6039D265658E7E /* [CP] Check Pods Manifest.lock */,
				B465FDBD218BF42300C71A83 /* Sources */,
				B465FDBE218BF42300C71A83 /* Frameworks */,
				B465FDBF218BF42300C71A83 /* Resources */,
				ABF5907B85F10F1A133CAC29 /* [CP] Embed Pods Frameworks */,
				78F5C85A4918410220E864C0 /* [CP] Copy Pods Resources */,
			);
			buildRules = (
			);
			dependencies = (
				B465FDC3218BF42300C71A83 /* PBXTargetDependency */,
			);
			name = ToDoListTests;
			productName = ToDoListTests;
			productReference = B465FDC1218BF42300C71A83 /* ToDoListTests.xctest */;
			productType = "com.apple.product-type.bundle.unit-test";
		};
		B465FDCB218BF42300C71A83 /* ToDoListUITests */ = {
			isa = PBXNativeTarget;
			buildConfigurationList = B465FDDB218BF42300C71A83 /* Build configuration list for PBXNativeTarget "ToDoListUITests" */;
			buildPhases = (
				CCE1E3B9C5C7AAC21B22D0A5 /* [CP] Check Pods Manifest.lock */,
				B465FDC8218BF42300C71A83 /* Sources */,
				B465FDC9218BF42300C71A83 /* Frameworks */,
				B465FDCA218BF42300C71A83 /* Resources */,
				71D6993F68CFFB40433F99FA /* [CP] Embed Pods Frameworks */,
				A17E2398F641E371470070FA /* [CP] Copy Pods Resources */,
			);
			buildRules = (
			);
			dependencies = (
				B465FDCE218BF42300C71A83 /* PBXTargetDependency */,
			);
			name = ToDoListUITests;
			productName = ToDoListUITests;
			productReference = B465FDCC218BF42300C71A83 /* ToDoListUITests.xctest */;
			productType = "com.apple.product-type.bundle.ui-testing";
		};
/* End PBXNativeTarget section */

/* Begin PBXProject section */
		B465FDA1218BF42100C71A83 /* Project object */ = {
			isa = PBXProject;
			attributes = {
				LastUpgradeCheck = 1000;
				ORGANIZATIONNAME = BobWongStudio;
				TargetAttributes = {
					B465FDA8218BF42100C71A83 = {
						CreatedOnToolsVersion = 10.0;
					};
					B465FDC0218BF42300C71A83 = {
						CreatedOnToolsVersion = 10.0;
						TestTargetID = B465FDA8218BF42100C71A83;
					};
					B465FDCB218BF42300C71A83 = {
						CreatedOnToolsVersion = 10.0;
						TestTargetID = B465FDA8218BF42100C71A83;
					};
				};
			};
			buildConfigurationList = B465FDA4218BF42100C71A83 /* Build configuration list for PBXProject "ToDoList" */;
			compatibilityVersion = "Xcode 9.3";
			developmentRegion = en;
			hasScannedForEncodings = 0;
			knownRegions = (
				en,
				Base,
			);
			mainGroup = B465FDA0218BF42100C71A83;
			productRefGroup = B465FDAA218BF42100C71A83 /* Products */;
			projectDirPath = "";
			projectRoot = "";
			targets = (
				B465FDA8218BF42100C71A83 /* ToDoList */,
				B465FDC0218BF42300C71A83 /* ToDoListTests */,
				B465FDCB218BF42300C71A83 /* ToDoListUITests */,
			);
		};
/* End PBXProject section */

/* Begin PBXResourcesBuildPhase section */
		B465FDA7218BF42100C71A83 /* Resources */ = {
			isa = PBXResourcesBuildPhase;
			buildActionMask = 2147483647;
			files = (
				B465FDB9218BF42300C71A83 /* LaunchScreen.storyboard in Resources */,
				B465FDB6218BF42300C71A83 /* Assets.xcassets in Resources */,
				B465FDB4218BF42100C71A83 /* Main.storyboard in Resources */,
			);
			runOnlyForDeploymentPostprocessing = 0;
		};
		B465FDBF218BF42300C71A83 /* Resources */ = {
			isa = PBXResourcesBuildPhase;
			buildActionMask = 2147483647;
			files = (
			);
			runOnlyForDeploymentPostprocessing = 0;
		};
		B465FDCA218BF42300C71A83 /* Resources */ = {
			isa = PBXResourcesBuildPhase;
			buildActionMask = 2147483647;
			files = (
			);
			runOnlyForDeploymentPostprocessing = 0;
		};
/* End PBXResourcesBuildPhase section */

/* Begin PBXShellScriptBuildPhase section */
		1FC0ED2A992233DA0D611C5C /* [CP] Check Pods Manifest.lock */ = {
			isa = PBXShellScriptBuildPhase;
			buildActionMask = 2147483647;
			files = (
			);
			inputPaths = (
				"${PODS_PODFILE_DIR_PATH}/Podfile.lock",
				"${PODS_ROOT}/Manifest.lock",
			);
			name = "[CP] Check Pods Manifest.lock";
			outputPaths = (
				"$(DERIVED_FILE_DIR)/Pods-ToDoList-checkManifestLockResult.txt",
			);
			runOnlyForDeploymentPostprocessing = 0;
			shellPath = /bin/sh;
			shellScript = "diff \"${PODS_PODFILE_DIR_PATH}/Podfile.lock\" \"${PODS_ROOT}/Manifest.lock\" > /dev/null\nif [ $? != 0 ] ; then\n    # print error to STDERR\n    echo \"error: The sandbox is not in sync with the Podfile.lock. Run 'pod install' or update your CocoaPods installation.\" >&2\n    exit 1\nfi\n# This output is used by Xcode 'outputs' to avoid re-running this script phase.\necho \"SUCCESS\" > \"${SCRIPT_OUTPUT_FILE_0}\"\n";
			showEnvVarsInLog = 0;
		};
		71D6993F68CFFB40433F99FA /* [CP] Embed Pods Frameworks */ = {
			isa = PBXShellScriptBuildPhase;
			buildActionMask = 2147483647;
			files = (
			);
			inputPaths = (
			);
			name = "[CP] Embed Pods Frameworks";
			outputPaths = (
			);
			runOnlyForDeploymentPostprocessing = 0;
			shellPath = /bin/sh;
			shellScript = "\"${SRCROOT}/Pods/Target Support Files/Pods-ToDoListUITests/Pods-ToDoListUITests-frameworks.sh\"\n";
			showEnvVarsInLog = 0;
		};
		78F5C85A4918410220E864C0 /* [CP] Copy Pods Resources */ = {
			isa = PBXShellScriptBuildPhase;
			buildActionMask = 2147483647;
			files = (
			);
			inputPaths = (
			);
			name = "[CP] Copy Pods Resources";
			outputPaths = (
			);
			runOnlyForDeploymentPostprocessing = 0;
			shellPath = /bin/sh;
			shellScript = "\"${SRCROOT}/Pods/Target Support Files/Pods-ToDoListTests/Pods-ToDoListTests-resources.sh\"\n";
			showEnvVarsInLog = 0;
		};
		7ADF6A552B6039D265658E7E /* [CP] Check Pods Manifest.lock */ = {
			isa = PBXShellScriptBuildPhase;
			buildActionMask = 2147483647;
			files = (
			);
			inputPaths = (
				"${PODS_PODFILE_DIR_PATH}/Podfile.lock",
				"${PODS_ROOT}/Manifest.lock",
			);
			name = "[CP] Check Pods Manifest.lock";
			outputPaths = (
				"$(DERIVED_FILE_DIR)/Pods-ToDoListTests-checkManifestLockResult.txt",
			);
			runOnlyForDeploymentPostprocessing = 0;
			shellPath = /bin/sh;
			shellScript = "diff \"${PODS_PODFILE_DIR_PATH}/Podfile.lock\" \"${PODS_ROOT}/Manifest.lock\" > /dev/null\nif [ $? != 0 ] ; then\n    # print error to STDERR\n    echo \"error: The sandbox is not in sync with the Podfile.lock. Run 'pod install' or update your CocoaPods installation.\" >&2\n    exit 1\nfi\n# This output is used by Xcode 'outputs' to avoid re-running this script phase.\necho \"SUCCESS\" > \"${SCRIPT_OUTPUT_FILE_0}\"\n";
			showEnvVarsInLog = 0;
		};
		A17E2398F641E371470070FA /* [CP] Copy Pods Resources */ = {
			isa = PBXShellScriptBuildPhase;
			buildActionMask = 2147483647;
			files = (
			);
			inputPaths = (
			);
			name = "[CP] Copy Pods Resources";
			outputPaths = (
			);
			runOnlyForDeploymentPostprocessing = 0;
			shellPath = /bin/sh;
			shellScript = "\"${SRCROOT}/Pods/Target Support Files/Pods-ToDoListUITests/Pods-ToDoListUITests-resources.sh\"\n";
			showEnvVarsInLog = 0;
		};
		ABF5907B85F10F1A133CAC29 /* [CP] Embed Pods Frameworks */ = {
			isa = PBXShellScriptBuildPhase;
			buildActionMask = 2147483647;
			files = (
			);
			inputPaths = (
			);
			name = "[CP] Embed Pods Frameworks";
			outputPaths = (
			);
			runOnlyForDeploymentPostprocessing = 0;
			shellPath = /bin/sh;
			shellScript = "\"${SRCROOT}/Pods/Target Support Files/Pods-ToDoListTests/Pods-ToDoListTests-frameworks.sh\"\n";
			showEnvVarsInLog = 0;
		};
		CAEB72C4F2510AF36DD3590F /* [CP] Embed Pods Frameworks */ = {
			isa = PBXShellScriptBuildPhase;
			buildActionMask = 2147483647;
			files = (
			);
			inputPaths = (
			);
			name = "[CP] Embed Pods Frameworks";
			outputPaths = (
			);
			runOnlyForDeploymentPostprocessing = 0;
			shellPath = /bin/sh;
			shellScript = "\"${SRCROOT}/Pods/Target Support Files/Pods-ToDoList/Pods-ToDoList-frameworks.sh\"\n";
			showEnvVarsInLog = 0;
		};
		CCE1E3B9C5C7AAC21B22D0A5 /* [CP] Check Pods Manifest.lock */ = {
			isa = PBXShellScriptBuildPhase;
			buildActionMask = 2147483647;
			files = (
			);
			inputPaths = (
				"${PODS_PODFILE_DIR_PATH}/Podfile.lock",
				"${PODS_ROOT}/Manifest.lock",
			);
			name = "[CP] Check Pods Manifest.lock";
			outputPaths = (
				"$(DERIVED_FILE_DIR)/Pods-ToDoListUITests-checkManifestLockResult.txt",
			);
			runOnlyForDeploymentPostprocessing = 0;
			shellPath = /bin/sh;
			shellScript = "diff \"${PODS_PODFILE_DIR_PATH}/Podfile.lock\" \"${PODS_ROOT}/Manifest.lock\" > /dev/null\nif [ $? != 0 ] ; then\n    # print error to STDERR\n    echo \"error: The sandbox is not in sync with the Podfile.lock. Run 'pod install' or update your CocoaPods installation.\" >&2\n    exit 1\nfi\n# This output is used by Xcode 'outputs' to avoid re-running this script phase.\necho \"SUCCESS\" > \"${SCRIPT_OUTPUT_FILE_0}\"\n";
			showEnvVarsInLog = 0;
		};
		FFDF4DCB025CCC6A7A041C3D /* [CP] Copy Pods Resources */ = {
			isa = PBXShellScriptBuildPhase;
			buildActionMask = 2147483647;
			files = (
			);
			inputPaths = (
			);
			name = "[CP] Copy Pods Resources";
			outputPaths = (
			);
			runOnlyForDeploymentPostprocessing = 0;
			shellPath = /bin/sh;
			shellScript = "\"${SRCROOT}/Pods/Target Support Files/Pods-ToDoList/Pods-ToDoList-resources.sh\"\n";
			showEnvVarsInLog = 0;
		};
/* End PBXShellScriptBuildPhase section */

/* Begin PBXSourcesBuildPhase section */
		B465FDA5218BF42100C71A83 /* Sources */ = {
			isa = PBXSourcesBuildPhase;
			buildActionMask = 2147483647;
			files = (
				B465FDB1218BF42100C71A83 /* ViewController.m in Sources */,
				B465FDBC218BF42300C71A83 /* main.m in Sources */,
				B465FDAE218BF42100C71A83 /* AppDelegate.m in Sources */,
			);
			runOnlyForDeploymentPostprocessing = 0;
		};
		B465FDBD218BF42300C71A83 /* Sources */ = {
			isa = PBXSourcesBuildPhase;
			buildActionMask = 2147483647;
			files = (
				B465FDC6218BF42300C71A83 /* ToDoListTests.m in Sources */,
			);
			runOnlyForDeploymentPostprocessing = 0;
		};
		B465FDC8218BF42300C71A83 /* Sources */ = {
			isa = PBXSourcesBuildPhase;
			buildActionMask = 2147483647;
			files = (
				B465FDD1218BF42300C71A83 /* ToDoListUITests.m in Sources */,
			);
			runOnlyForDeploymentPostprocessing = 0;
		};
/* End PBXSourcesBuildPhase section */

/* Begin PBXTargetDependency section */
		B465FDC3218BF42300C71A83 /* PBXTargetDependency */ = {
			isa = PBXTargetDependency;
			target = B465FDA8218BF42100C71A83 /* ToDoList */;
			targetProxy = B465FDC2218BF42300C71A83 /* PBXContainerItemProxy */;
		};
		B465FDCE218BF42300C71A83 /* PBXTargetDependency */ = {
			isa = PBXTargetDependency;
			target = B465FDA8218BF42100C71A83 /* ToDoList */;
			targetProxy = B465FDCD218BF42300C71A83 /* PBXContainerItemProxy */;
		};
/* End PBXTargetDependency section */

/* Begin PBXVariantGroup section */
		B465FDB2218BF42100C71A83 /* Main.storyboard */ = {
			isa = PBXVariantGroup;
			children = (
				B465FDB3218BF42100C71A83 /* Base */,
			);
			name = Main.storyboard;
			sourceTree = "<group>";
		};
		B465FDB7218BF42300C71A83 /* LaunchScreen.storyboard */ = {
			isa = PBXVariantGroup;
			children = (
				B465FDB8218BF42300C71A83 /* Base */,
			);
			name = LaunchScreen.storyboard;
			sourceTree = "<group>";
		};
/* End PBXVariantGroup section */

/* Begin XCBuildConfiguration section */
		B465FDD3218BF42300C71A83 /* Debug */ = {
			isa = XCBuildConfiguration;
			buildSettings = {
				ALWAYS_SEARCH_USER_PATHS = NO;
				CLANG_ANALYZER_NONNULL = YES;
				CLANG_ANALYZER_NUMBER_OBJECT_CONVERSION = YES_AGGRESSIVE;
				CLANG_CXX_LANGUAGE_STANDARD = "gnu++14";
				CLANG_CXX_LIBRARY = "libc++";
				CLANG_ENABLE_MODULES = YES;
				CLANG_ENABLE_OBJC_ARC = YES;
				CLANG_ENABLE_OBJC_WEAK = YES;
				CLANG_WARN_BLOCK_CAPTURE_AUTORELEASING = YES;
				CLANG_WARN_BOOL_CONVERSION = YES;
				CLANG_WARN_COMMA = YES;
				CLANG_WARN_CONSTANT_CONVERSION = YES;
				CLANG_WARN_DEPRECATED_OBJC_IMPLEMENTATIONS = YES;
				CLANG_WARN_DIRECT_OBJC_ISA_USAGE = YES_ERROR;
				CLANG_WARN_DOCUMENTATION_COMMENTS = YES;
				CLANG_WARN_EMPTY_BODY = YES;
				CLANG_WARN_ENUM_CONVERSION = YES;
				CLANG_WARN_INFINITE_RECURSION = YES;
				CLANG_WARN_INT_CONVERSION = YES;
				CLANG_WARN_NON_LITERAL_NULL_CONVERSION = YES;
				CLANG_WARN_OBJC_IMPLICIT_RETAIN_SELF = YES;
				CLANG_WARN_OBJC_LITERAL_CONVERSION = YES;
				CLANG_WARN_OBJC_ROOT_CLASS = YES_ERROR;
				CLANG_WARN_RANGE_LOOP_ANALYSIS = YES;
				CLANG_WARN_STRICT_PROTOTYPES = YES;
				CLANG_WARN_SUSPICIOUS_MOVE = YES;
				CLANG_WARN_UNGUARDED_AVAILABILITY = YES_AGGRESSIVE;
				CLANG_WARN_UNREACHABLE_CODE = YES;
				CLANG_WARN__DUPLICATE_METHOD_MATCH = YES;
				CODE_SIGN_IDENTITY = "iPhone Developer";
				COPY_PHASE_STRIP = NO;
				DEBUG_INFORMATION_FORMAT = dwarf;
				ENABLE_STRICT_OBJC_MSGSEND = YES;
				ENABLE_TESTABILITY = YES;
				GCC_C_LANGUAGE_STANDARD = gnu11;
				GCC_DYNAMIC_NO_PIC = NO;
				GCC_NO_COMMON_BLOCKS = YES;
				GCC_OPTIMIZATION_LEVEL = 0;
				GCC_PREPROCESSOR_DEFINITIONS = (
					"DEBUG=1",
					"$(inherited)",
				);
				GCC_WARN_64_TO_32_BIT_CONVERSION = YES;
				GCC_WARN_ABOUT_RETURN_TYPE = YES_ERROR;
				GCC_WARN_UNDECLARED_SELECTOR = YES;
				GCC_WARN_UNINITIALIZED_AUTOS = YES_AGGRESSIVE;
				GCC_WARN_UNUSED_FUNCTION = YES;
				GCC_WARN_UNUSED_VARIABLE = YES;
				IPHONEOS_DEPLOYMENT_TARGET = 12.0;
				MTL_ENABLE_DEBUG_INFO = INCLUDE_SOURCE;
				MTL_FAST_MATH = YES;
				ONLY_ACTIVE_ARCH = YES;
				SDKROOT = iphoneos;
			};
			name = Debug;
		};
		B465FDD4218BF42300C71A83 /* Release */ = {
			isa = XCBuildConfiguration;
			buildSettings = {
				ALWAYS_SEARCH_USER_PATHS = NO;
				CLANG_ANALYZER_NONNULL = YES;
				CLANG_ANALYZER_NUMBER_OBJECT_CONVERSION = YES_AGGRESSIVE;
				CLANG_CXX_LANGUAGE_STANDARD = "gnu++14";
				CLANG_CXX_LIBRARY = "libc++";
				CLANG_ENABLE_MODULES = YES;
				CLANG_ENABLE_OBJC_ARC = YES;
				CLANG_ENABLE_OBJC_WEAK = YES;
				CLANG_WARN_BLOCK_CAPTURE_AUTORELEASING = YES;
				CLANG_WARN_BOOL_CONVERSION = YES;
				CLANG_WARN_COMMA = YES;
				CLANG_WARN_CONSTANT_CONVERSION = YES;
				CLANG_WARN_DEPRECATED_OBJC_IMPLEMENTATIONS = YES;
				CLANG_WARN_DIRECT_OBJC_ISA_USAGE = YES_ERROR;
				CLANG_WARN_DOCUMENTATION_COMMENTS = YES;
				CLANG_WARN_EMPTY_BODY = YES;
				CLANG_WARN_ENUM_CONVERSION = YES;
				CLANG_WARN_INFINITE_RECURSION = YES;
				CLANG_WARN_INT_CONVERSION = YES;
				CLANG_WARN_NON_LITERAL_NULL_CONVERSION = YES;
				CLANG_WARN_OBJC_IMPLICIT_RETAIN_SELF = YES;
				CLANG_WARN_OBJC_LITERAL_CONVERSION = YES;
				CLANG_WARN_OBJC_ROOT_CLASS = YES_ERROR;
				CLANG_WARN_RANGE_LOOP_ANALYSIS = YES;
				CLANG_WARN_STRICT_PROTOTYPES = YES;
				CLANG_WARN_SUSPICIOUS_MOVE = YES;
				CLANG_WARN_UNGUARDED_AVAILABILITY = YES_AGGRESSIVE;
				CLANG_WARN_UNREACHABLE_CODE = YES;
				CLANG_WARN__DUPLICATE_METHOD_MATCH = YES;
				CODE_SIGN_IDENTITY = "iPhone Developer";
				COPY_PHASE_STRIP = NO;
				DEBUG_INFORMATION_FORMAT = "dwarf-with-dsym";
				ENABLE_NS_ASSERTIONS = NO;
				ENABLE_STRICT_OBJC_MSGSEND = YES;
				GCC_C_LANGUAGE_STANDARD = gnu11;
				GCC_NO_COMMON_BLOCKS = YES;
				GCC_WARN_64_TO_32_BIT_CONVERSION = YES;
				GCC_WARN_ABOUT_RETURN_TYPE = YES_ERROR;
				GCC_WARN_UNDECLARED_SELECTOR = YES;
				GCC_WARN_UNINITIALIZED_AUTOS = YES_AGGRESSIVE;
				GCC_WARN_UNUSED_FUNCTION = YES;
				GCC_WARN_UNUSED_VARIABLE = YES;
				IPHONEOS_DEPLOYMENT_TARGET = 12.0;
				MTL_ENABLE_DEBUG_INFO = NO;
				MTL_FAST_MATH = YES;
				SDKROOT = iphoneos;
				VALIDATE_PRODUCT = YES;
			};
			name = Release;
		};
		B465FDD6218BF42300C71A83 /* Debug */ = {
			isa = XCBuildConfiguration;
			baseConfigurationReference = E195059A2FD84D5532339CD9 /* Pods-ToDoList.debug.xcconfig */;
			buildSettings = {
				ASSETCATALOG_COMPILER_APPICON_NAME = AppIcon;
				CODE_SIGN_IDENTITY = "iPhone Developer: chao li (4PD2B29433)";
				CODE_SIGN_STYLE = Manual;
				DEVELOPMENT_TEAM = R6L6VZZQ6L;
				INFOPLIST_FILE = ToDoList/Info.plist;
				IPHONEOS_DEPLOYMENT_TARGET = 9.0;
				LD_RUNPATH_SEARCH_PATHS = (
					"$(inherited)",
					"@executable_path/Frameworks",
				);
				PRODUCT_BUNDLE_IDENTIFIER = cn.com.bluemoon.bluehouse;
				PRODUCT_NAME = "$(TARGET_NAME)";
				PROVISIONING_PROFILE_SPECIFIER = dev_cn.com.bluemoon.bluehouse_20181101;
				TARGETED_DEVICE_FAMILY = 1;
			};
			name = Debug;
		};
		B465FDD7218BF42300C71A83 /* Release */ = {
			isa = XCBuildConfiguration;
			baseConfigurationReference = 9F101C1A821560DF16F22C6D /* Pods-ToDoList.release.xcconfig */;
			buildSettings = {
				ASSETCATALOG_COMPILER_APPICON_NAME = AppIcon;
				CODE_SIGN_IDENTITY = "iPhone Developer: chao li (4PD2B29433)";
				CODE_SIGN_STYLE = Manual;
				DEVELOPMENT_TEAM = R6L6VZZQ6L;
				INFOPLIST_FILE = ToDoList/Info.plist;
				IPHONEOS_DEPLOYMENT_TARGET = 9.0;
				LD_RUNPATH_SEARCH_PATHS = (
					"$(inherited)",
					"@executable_path/Frameworks",
				);
				PRODUCT_BUNDLE_IDENTIFIER = cn.com.bluemoon.bluehouse;
				PRODUCT_NAME = "$(TARGET_NAME)";
				PROVISIONING_PROFILE_SPECIFIER = dev_cn.com.bluemoon.bluehouse_20181101;
				TARGETED_DEVICE_FAMILY = 1;
			};
			name = Release;
		};
		B465FDD9218BF42300C71A83 /* Debug */ = {
			isa = XCBuildConfiguration;
			baseConfigurationReference = CBD8681334E991C6E303A41A /* Pods-ToDoListTests.debug.xcconfig */;
			buildSettings = {
				BUNDLE_LOADER = "$(TEST_HOST)";
				CODE_SIGN_STYLE = Automatic;
				DEVELOPMENT_TEAM = V3E8GUFW32;
				INFOPLIST_FILE = ToDoListTests/Info.plist;
				LD_RUNPATH_SEARCH_PATHS = (
					"$(inherited)",
					"@executable_path/Frameworks",
					"@loader_path/Frameworks",
				);
				PRODUCT_BUNDLE_IDENTIFIER = com.bws.ToDoListTests;
				PRODUCT_NAME = "$(TARGET_NAME)";
				TARGETED_DEVICE_FAMILY = "1,2";
				TEST_HOST = "$(BUILT_PRODUCTS_DIR)/ToDoList.app/ToDoList";
			};
			name = Debug;
		};
		B465FDDA218BF42300C71A83 /* Release */ = {
			isa = XCBuildConfiguration;
			baseConfigurationReference = C08507C135BE2CAB450872E1 /* Pods-ToDoListTests.release.xcconfig */;
			buildSettings = {
				BUNDLE_LOADER = "$(TEST_HOST)";
				CODE_SIGN_STYLE = Automatic;
				DEVELOPMENT_TEAM = V3E8GUFW32;
				INFOPLIST_FILE = ToDoListTests/Info.plist;
				LD_RUNPATH_SEARCH_PATHS = (
					"$(inherited)",
					"@executable_path/Frameworks",
					"@loader_path/Frameworks",
				);
				PRODUCT_BUNDLE_IDENTIFIER = com.bws.ToDoListTests;
				PRODUCT_NAME = "$(TARGET_NAME)";
				TARGETED_DEVICE_FAMILY = "1,2";
				TEST_HOST = "$(BUILT_PRODUCTS_DIR)/ToDoList.app/ToDoList";
			};
			name = Release;
		};
		B465FDDC218BF42300C71A83 /* Debug */ = {
			isa = XCBuildConfiguration;
			baseConfigurationReference = 21C75490A20812DB4A7B9DDE /* Pods-ToDoListUITests.debug.xcconfig */;
			buildSettings = {
				CODE_SIGN_STYLE = Automatic;
				DEVELOPMENT_TEAM = V3E8GUFW32;
				INFOPLIST_FILE = ToDoListUITests/Info.plist;
				LD_RUNPATH_SEARCH_PATHS = (
					"$(inherited)",
					"@executable_path/Frameworks",
					"@loader_path/Frameworks",
				);
				PRODUCT_BUNDLE_IDENTIFIER = com.bws.ToDoListUITests;
				PRODUCT_NAME = "$(TARGET_NAME)";
				TARGETED_DEVICE_FAMILY = "1,2";
				TEST_TARGET_NAME = ToDoList;
			};
			name = Debug;
		};
		B465FDDD218BF42300C71A83 /* Release */ = {
			isa = XCBuildConfiguration;
			baseConfigurationReference = ED2547486D958DD086D66210 /* Pods-ToDoListUITests.release.xcconfig */;
			buildSettings = {
				CODE_SIGN_STYLE = Automatic;
				DEVELOPMENT_TEAM = V3E8GUFW32;
				INFOPLIST_FILE = ToDoListUITests/Info.plist;
				LD_RUNPATH_SEARCH_PATHS = (
					"$(inherited)",
					"@executable_path/Frameworks",
					"@loader_path/Frameworks",
				);
				PRODUCT_BUNDLE_IDENTIFIER = com.bws.ToDoListUITests;
				PRODUCT_NAME = "$(TARGET_NAME)";
				TARGETED_DEVICE_FAMILY = "1,2";
				TEST_TARGET_NAME = ToDoList;
			};
			name = Release;
		};
/* End XCBuildConfiguration section */

/* Begin XCConfigurationList section */
		B465FDA4218BF42100C71A83 /* Build configuration list for PBXProject "ToDoList" */ = {
			isa = XCConfigurationList;
			buildConfigurations = (
				B465FDD3218BF42300C71A83 /* Debug */,
				B465FDD4218BF42300C71A83 /* Release */,
			);
			defaultConfigurationIsVisible = 0;
			defaultConfigurationName = Release;
		};
		B465FDD5218BF42300C71A83 /* Build configuration list for PBXNativeTarget "ToDoList" */ = {
			isa = XCConfigurationList;
			buildConfigurations = (
				B465FDD6218BF42300C71A83 /* Debug */,
				B465FDD7218BF42300C71A83 /* Release */,
			);
			defaultConfigurationIsVisible = 0;
			defaultConfigurationName = Release;
		};
		B465FDD8218BF42300C71A83 /* Build configuration list for PBXNativeTarget "ToDoListTests" */ = {
			isa = XCConfigurationList;
			buildConfigurations = (
				B465FDD9218BF42300C71A83 /* Debug */,
				B465FDDA218BF42300C71A83 /* Release */,
			);
			defaultConfigurationIsVisible = 0;
			defaultConfigurationName = Release;
		};
		B465FDDB218BF42300C71A83 /* Build configuration list for PBXNativeTarget "ToDoListUITests" */ = {
			isa = XCConfigurationList;
			buildConfigurations = (
				B465FDDC218BF42300C71A83 /* Debug */,
				B465FDDD218BF42300C71A83 /* Release */,
			);
			defaultConfigurationIsVisible = 0;
			defaultConfigurationName = Release;
		};
/* End XCConfigurationList section */
	};
	rootObject = B465FDA1218BF42100C71A83 /* Project object */;
}
