// !$*UTF8*$!
{
	archiveVersion = 1;
	classes = {
	};
	objectVersion = 48;
	objects = {

/* Begin PBXBuildFile section */
		901A33CA57543C97B82114B6 /* libPods-BWToDoList.a in Frameworks */ = {isa = PBXBuildFile; fileRef = 268B1D5730A496129A993DE8 /* libPods-BWToDoList.a */; };
		B4A8A5D7203183B5003AE144 /* ToDoRecord.md in Resources */ = {isa = PBXBuildFile; fileRef = B4A8A5D6203183B5003AE144 /* ToDoRecord.md */; };
		B4AD9023202D54D1000F1EB0 /* BWBaseViewController.m in Sources */ = {isa = PBXBuildFile; fileRef = B4AD9022202D54D1000F1EB0 /* BWBaseViewController.m */; };
		B4AD9026202D54ED000F1EB0 /* BWToDoListViewController.m in Sources */ = {isa = PBXBuildFile; fileRef = B4AD9025202D54ED000F1EB0 /* BWToDoListViewController.m */; };
		B4AD902D202D6A9B000F1EB0 /* UINavigationController+BWAdd.m in Sources */ = {isa = PBXBuildFile; fileRef = B4AD902C202D6A9B000F1EB0 /* UINavigationController+BWAdd.m */; };
		B4AD9034202D6E08000F1EB0 /* BWToDoListViewController.xib in Resources */ = {isa = PBXBuildFile; fileRef = B4AD9033202D6E08000F1EB0 /* BWToDoListViewController.xib */; };
		B4AD9038202D6E78000F1EB0 /* BWMeViewController.m in Sources */ = {isa = PBXBuildFile; fileRef = B4AD9036202D6E78000F1EB0 /* BWMeViewController.m */; };
		B4AD9039202D6E78000F1EB0 /* BWMeViewController.xib in Resources */ = {isa = PBXBuildFile; fileRef = B4AD9037202D6E78000F1EB0 /* BWMeViewController.xib */; };
		B4AD903D202D6EA5000F1EB0 /* BWMainTabBarController.m in Sources */ = {isa = PBXBuildFile; fileRef = B4AD903C202D6EA5000F1EB0 /* BWMainTabBarController.m */; };
		B4AD9041202D79D1000F1EB0 /* BWToDoListCell.m in Sources */ = {isa = PBXBuildFile; fileRef = B4AD903F202D79D1000F1EB0 /* BWToDoListCell.m */; };
		B4AD9042202D79D1000F1EB0 /* BWToDoListCell.xib in Resources */ = {isa = PBXBuildFile; fileRef = B4AD9040202D79D1000F1EB0 /* BWToDoListCell.xib */; };
		B4AD9045202D8A49000F1EB0 /* Document.md in Resources */ = {isa = PBXBuildFile; fileRef = B4AD9044202D8A49000F1EB0 /* Document.md */; };
		B4AD904D202D9837000F1EB0 /* BWToDoDetailViewController.m in Sources */ = {isa = PBXBuildFile; fileRef = B4AD904B202D9837000F1EB0 /* BWToDoDetailViewController.m */; };
		B4AD904E202D9837000F1EB0 /* BWToDoDetailViewController.xib in Resources */ = {isa = PBXBuildFile; fileRef = B4AD904C202D9837000F1EB0 /* BWToDoDetailViewController.xib */; };
		B4B3F9792031215B0064F9CF /* BWCoreDataManager.m in Sources */ = {isa = PBXBuildFile; fileRef = B4B3F9742031215A0064F9CF /* BWCoreDataManager.m */; };
		B4B3F97A2031215B0064F9CF /* BWToDoModel.xcdatamodeld in Sources */ = {isa = PBXBuildFile; fileRef = B4B3F9772031215A0064F9CF /* BWToDoModel.xcdatamodeld */; };
		B4B3F97C203121D10064F9CF /* Images.xcassets in Resources */ = {isa = PBXBuildFile; fileRef = B4B3F97B203121D10064F9CF /* Images.xcassets */; };
		B4B3F9832031268E0064F9CF /* BWToDoItem.m in Sources */ = {isa = PBXBuildFile; fileRef = B4B3F9822031268E0064F9CF /* BWToDoItem.m */; };
		B4B53DDD202C02B400D9242F /* AppDelegate.m in Sources */ = {isa = PBXBuildFile; fileRef = B4B53DDC202C02B400D9242F /* AppDelegate.m */; };
		B4B53DE3202C02B400D9242F /* Main.storyboard in Resources */ = {isa = PBXBuildFile; fileRef = B4B53DE1202C02B400D9242F /* Main.storyboard */; };
		B4B53DE8202C02B400D9242F /* LaunchScreen.storyboard in Resources */ = {isa = PBXBuildFile; fileRef = B4B53DE6202C02B400D9242F /* LaunchScreen.storyboard */; };
		B4B53DEB202C02B400D9242F /* main.m in Sources */ = {isa = PBXBuildFile; fileRef = B4B53DEA202C02B400D9242F /* main.m */; };
		B4B53DF5202C02B400D9242F /* BWToDoListTests.m in Sources */ = {isa = PBXBuildFile; fileRef = B4B53DF4202C02B400D9242F /* BWToDoListTests.m */; };
		B4B53E00202C02B400D9242F /* BWToDoListUITests.m in Sources */ = {isa = PBXBuildFile; fileRef = B4B53DFF202C02B400D9242F /* BWToDoListUITests.m */; };
		B4B53E4C202C052200D9242F /* Design0.xib in Resources */ = {isa = PBXBuildFile; fileRef = B4B53E4B202C052200D9242F /* Design0.xib */; };
		B4B9327D2032E35400F8D749 /* BWToDoListSearchResultViewController.m in Sources */ = {isa = PBXBuildFile; fileRef = B4B9327B2032E35400F8D749 /* BWToDoListSearchResultViewController.m */; };
		B4B9327E2032E35400F8D749 /* BWToDoListSearchResultViewController.xib in Resources */ = {isa = PBXBuildFile; fileRef = B4B9327C2032E35400F8D749 /* BWToDoListSearchResultViewController.xib */; };
/* End PBXBuildFile section */

/* Begin PBXContainerItemProxy section */
		B4B53DF1202C02B400D9242F /* PBXContainerItemProxy */ = {
			isa = PBXContainerItemProxy;
			containerPortal = B4B53DD0202C02B300D9242F /* Project object */;
			proxyType = 1;
			remoteGlobalIDString = B4B53DD7202C02B400D9242F;
			remoteInfo = BWToDoList;
		};
		B4B53DFC202C02B400D9242F /* PBXContainerItemProxy */ = {
			isa = PBXContainerItemProxy;
			containerPortal = B4B53DD0202C02B300D9242F /* Project object */;
			proxyType = 1;
			remoteGlobalIDString = B4B53DD7202C02B400D9242F;
			remoteInfo = BWToDoList;
		};
/* End PBXContainerItemProxy section */

/* Begin PBXFileReference section */
		0C265202B38167CE3510AD00 /* libPods-BWToDoListTests.a */ = {isa = PBXFileReference; explicitFileType = archive.ar; includeInIndex = 0; path = "libPods-BWToDoListTests.a"; sourceTree = BUILT_PRODUCTS_DIR; };
		268B1D5730A496129A993DE8 /* libPods-BWToDoList.a */ = {isa = PBXFileReference; explicitFileType = archive.ar; includeInIndex = 0; path = "libPods-BWToDoList.a"; sourceTree = BUILT_PRODUCTS_DIR; };
		55646A33B6E45443DA025042 /* libPods-BWToDoListUITests.a */ = {isa = PBXFileReference; explicitFileType = archive.ar; includeInIndex = 0; path = "libPods-BWToDoListUITests.a"; sourceTree = BUILT_PRODUCTS_DIR; };
		A25AFF590B9EE6EA282ACBB7 /* Pods-BWToDoList.release.xcconfig */ = {isa = PBXFileReference; includeInIndex = 1; lastKnownFileType = text.xcconfig; name = "Pods-BWToDoList.release.xcconfig"; path = "Pods/Target Support Files/Pods-BWToDoList/Pods-BWToDoList.release.xcconfig"; sourceTree = "<group>"; };
		A6C52411FC9A586487F742D2 /* Pods-BWToDoList.debug.xcconfig */ = {isa = PBXFileReference; includeInIndex = 1; lastKnownFileType = text.xcconfig; name = "Pods-BWToDoList.debug.xcconfig"; path = "Pods/Target Support Files/Pods-BWToDoList/Pods-BWToDoList.debug.xcconfig"; sourceTree = "<group>"; };
		B4A8A5D6203183B5003AE144 /* ToDoRecord.md */ = {isa = PBXFileReference; lastKnownFileType = net.daringfireball.markdown; path = ToDoRecord.md; sourceTree = "<group>"; };
		B4AD9021202D54D1000F1EB0 /* BWBaseViewController.h */ = {isa = PBXFileReference; lastKnownFileType = sourcecode.c.h; path = BWBaseViewController.h; sourceTree = "<group>"; };
		B4AD9022202D54D1000F1EB0 /* BWBaseViewController.m */ = {isa = PBXFileReference; lastKnownFileType = sourcecode.c.objc; path = BWBaseViewController.m; sourceTree = "<group>"; };
		B4AD9024202D54ED000F1EB0 /* BWToDoListViewController.h */ = {isa = PBXFileReference; lastKnownFileType = sourcecode.c.h; path = BWToDoListViewController.h; sourceTree = "<group>"; };
		B4AD9025202D54ED000F1EB0 /* BWToDoListViewController.m */ = {isa = PBXFileReference; lastKnownFileType = sourcecode.c.objc; path = BWToDoListViewController.m; sourceTree = "<group>"; };
		B4AD902B202D6A9B000F1EB0 /* UINavigationController+BWAdd.h */ = {isa = PBXFileReference; lastKnownFileType = sourcecode.c.h; path = "UINavigationController+BWAdd.h"; sourceTree = "<group>"; };
		B4AD902C202D6A9B000F1EB0 /* UINavigationController+BWAdd.m */ = {isa = PBXFileReference; lastKnownFileType = sourcecode.c.objc; path = "UINavigationController+BWAdd.m"; sourceTree = "<group>"; };
		B4AD9033202D6E08000F1EB0 /* BWToDoListViewController.xib */ = {isa = PBXFileReference; lastKnownFileType = file.xib; path = BWToDoListViewController.xib; sourceTree = "<group>"; };
		B4AD9035202D6E78000F1EB0 /* BWMeViewController.h */ = {isa = PBXFileReference; lastKnownFileType = sourcecode.c.h; path = BWMeViewController.h; sourceTree = "<group>"; };
		B4AD9036202D6E78000F1EB0 /* BWMeViewController.m */ = {isa = PBXFileReference; lastKnownFileType = sourcecode.c.objc; path = BWMeViewController.m; sourceTree = "<group>"; };
		B4AD9037202D6E78000F1EB0 /* BWMeViewController.xib */ = {isa = PBXFileReference; lastKnownFileType = file.xib; path = BWMeViewController.xib; sourceTree = "<group>"; };
		B4AD903B202D6EA5000F1EB0 /* BWMainTabBarController.h */ = {isa = PBXFileReference; lastKnownFileType = sourcecode.c.h; path = BWMainTabBarController.h; sourceTree = "<group>"; };
		B4AD903C202D6EA5000F1EB0 /* BWMainTabBarController.m */ = {isa = PBXFileReference; lastKnownFileType = sourcecode.c.objc; path = BWMainTabBarController.m; sourceTree = "<group>"; };
		B4AD903E202D79D1000F1EB0 /* BWToDoListCell.h */ = {isa = PBXFileReference; lastKnownFileType = sourcecode.c.h; path = BWToDoListCell.h; sourceTree = "<group>"; };
		B4AD903F202D79D1000F1EB0 /* BWToDoListCell.m */ = {isa = PBXFileReference; lastKnownFileType = sourcecode.c.objc; path = BWToDoListCell.m; sourceTree = "<group>"; };
		B4AD9040202D79D1000F1EB0 /* BWToDoListCell.xib */ = {isa = PBXFileReference; lastKnownFileType = file.xib; path = BWToDoListCell.xib; sourceTree = "<group>"; };
		B4AD9044202D8A49000F1EB0 /* Document.md */ = {isa = PBXFileReference; lastKnownFileType = net.daringfireball.markdown; path = Document.md; sourceTree = "<group>"; };
		B4AD904A202D9837000F1EB0 /* BWToDoDetailViewController.h */ = {isa = PBXFileReference; lastKnownFileType = sourcecode.c.h; path = BWToDoDetailViewController.h; sourceTree = "<group>"; };
		B4AD904B202D9837000F1EB0 /* BWToDoDetailViewController.m */ = {isa = PBXFileReference; lastKnownFileType = sourcecode.c.objc; path = BWToDoDetailViewController.m; sourceTree = "<group>"; };
		B4AD904C202D9837000F1EB0 /* BWToDoDetailViewController.xib */ = {isa = PBXFileReference; lastKnownFileType = file.xib; path = BWToDoDetailViewController.xib; sourceTree = "<group>"; };
		B4B3F9732031215A0064F9CF /* BWCoreDataManager.h */ = {isa = PBXFileReference; fileEncoding = 4; lastKnownFileType = sourcecode.c.h; path = BWCoreDataManager.h; sourceTree = "<group>"; };
		B4B3F9742031215A0064F9CF /* BWCoreDataManager.m */ = {isa = PBXFileReference; fileEncoding = 4; lastKnownFileType = sourcecode.c.objc; path = BWCoreDataManager.m; sourceTree = "<group>"; };
		B4B3F9782031215A0064F9CF /* BWToDoModel.xcdatamodel */ = {isa = PBXFileReference; lastKnownFileType = wrapper.xcdatamodel; path = BWToDoModel.xcdatamodel; sourceTree = "<group>"; };
		B4B3F97B203121D10064F9CF /* Images.xcassets */ = {isa = PBXFileReference; lastKnownFileType = folder.assetcatalog; path = Images.xcassets; sourceTree = "<group>"; };
		B4B3F97F2031260E0064F9CF /* CoreData.framework */ = {isa = PBXFileReference; lastKnownFileType = wrapper.framework; name = CoreData.framework; path = System/Library/Frameworks/CoreData.framework; sourceTree = SDKROOT; };
		B4B3F9812031268E0064F9CF /* BWToDoItem.h */ = {isa = PBXFileReference; lastKnownFileType = sourcecode.c.h; path = BWToDoItem.h; sourceTree = "<group>"; };
		B4B3F9822031268E0064F9CF /* BWToDoItem.m */ = {isa = PBXFileReference; lastKnownFileType = sourcecode.c.objc; path = BWToDoItem.m; sourceTree = "<group>"; };
		B4B53DD8202C02B400D9242F /* BWToDoList.app */ = {isa = PBXFileReference; explicitFileType = wrapper.application; includeInIndex = 0; path = BWToDoList.app; sourceTree = BUILT_PRODUCTS_DIR; };
		B4B53DDB202C02B400D9242F /* AppDelegate.h */ = {isa = PBXFileReference; lastKnownFileType = sourcecode.c.h; path = AppDelegate.h; sourceTree = "<group>"; };
		B4B53DDC202C02B400D9242F /* AppDelegate.m */ = {isa = PBXFileReference; lastKnownFileType = sourcecode.c.objc; path = AppDelegate.m; sourceTree = "<group>"; };
		B4B53DE2202C02B400D9242F /* Base */ = {isa = PBXFileReference; lastKnownFileType = file.storyboard; name = Base; path = Base.lproj/Main.storyboard; sourceTree = "<group>"; };
		B4B53DE7202C02B400D9242F /* Base */ = {isa = PBXFileReference; lastKnownFileType = file.storyboard; name = Base; path = Base.lproj/LaunchScreen.storyboard; sourceTree = "<group>"; };
		B4B53DE9202C02B400D9242F /* Info.plist */ = {isa = PBXFileReference; lastKnownFileType = text.plist.xml; path = Info.plist; sourceTree = "<group>"; };
		B4B53DEA202C02B400D9242F /* main.m */ = {isa = PBXFileReference; lastKnownFileType = sourcecode.c.objc; path = main.m; sourceTree = "<group>"; };
		B4B53DF0202C02B400D9242F /* BWToDoListTests.xctest */ = {isa = PBXFileReference; explicitFileType = wrapper.cfbundle; includeInIndex = 0; path = BWToDoListTests.xctest; sourceTree = BUILT_PRODUCTS_DIR; };
		B4B53DF4202C02B400D9242F /* BWToDoListTests.m */ = {isa = PBXFileReference; lastKnownFileType = sourcecode.c.objc; path = BWToDoListTests.m; sourceTree = "<group>"; };
		B4B53DF6202C02B400D9242F /* Info.plist */ = {isa = PBXFileReference; lastKnownFileType = text.plist.xml; path = Info.plist; sourceTree = "<group>"; };
		B4B53DFB202C02B400D9242F /* BWToDoListUITests.xctest */ = {isa = PBXFileReference; explicitFileType = wrapper.cfbundle; includeInIndex = 0; path = BWToDoListUITests.xctest; sourceTree = BUILT_PRODUCTS_DIR; };
		B4B53DFF202C02B400D9242F /* BWToDoListUITests.m */ = {isa = PBXFileReference; lastKnownFileType = sourcecode.c.objc; path = BWToDoListUITests.m; sourceTree = "<group>"; };
		B4B53E01202C02B400D9242F /* Info.plist */ = {isa = PBXFileReference; lastKnownFileType = text.plist.xml; path = Info.plist; sourceTree = "<group>"; };
		B4B53E4B202C052200D9242F /* Design0.xib */ = {isa = PBXFileReference; lastKnownFileType = file.xib; path = Design0.xib; sourceTree = "<group>"; };
		B4B9327A2032E35400F8D749 /* BWToDoListSearchResultViewController.h */ = {isa = PBXFileReference; lastKnownFileType = sourcecode.c.h; path = BWToDoListSearchResultViewController.h; sourceTree = "<group>"; };
		B4B9327B2032E35400F8D749 /* BWToDoListSearchResultViewController.m */ = {isa = PBXFileReference; lastKnownFileType = sourcecode.c.objc; path = BWToDoListSearchResultViewController.m; sourceTree = "<group>"; };
		B4B9327C2032E35400F8D749 /* BWToDoListSearchResultViewController.xib */ = {isa = PBXFileReference; lastKnownFileType = file.xib; path = BWToDoListSearchResultViewController.xib; sourceTree = "<group>"; };
/* End PBXFileReference section */

/* Begin PBXFrameworksBuildPhase section */
		B4B53DD5202C02B400D9242F /* Frameworks */ = {
			isa = PBXFrameworksBuildPhase;
			buildActionMask = 2147483647;
			files = (
				901A33CA57543C97B82114B6 /* libPods-BWToDoList.a in Frameworks */,
			);
			runOnlyForDeploymentPostprocessing = 0;
		};
		B4B53DED202C02B400D9242F /* Frameworks */ = {
			isa = PBXFrameworksBuildPhase;
			buildActionMask = 2147483647;
			files = (
			);
			runOnlyForDeploymentPostprocessing = 0;
		};
		B4B53DF8202C02B400D9242F /* Frameworks */ = {
			isa = PBXFrameworksBuildPhase;
			buildActionMask = 2147483647;
			files = (
			);
			runOnlyForDeploymentPostprocessing = 0;
		};
/* End PBXFrameworksBuildPhase section */

/* Begin PBXGroup section */
		455E3B6ABF42A84621592445 /* Frameworks */ = {
			isa = PBXGroup;
			children = (
				B4B3F97F2031260E0064F9CF /* CoreData.framework */,
				268B1D5730A496129A993DE8 /* libPods-BWToDoList.a */,
				0C265202B38167CE3510AD00 /* libPods-BWToDoListTests.a */,
				55646A33B6E45443DA025042 /* libPods-BWToDoListUITests.a */,
			);
			name = Frameworks;
			sourceTree = "<group>";
		};
		B4AD901A202D547D000F1EB0 /* Business */ = {
			isa = PBXGroup;
			children = (
				B4AD903A202D6E90000F1EB0 /* Main */,
				B4AD901B202D547D000F1EB0 /* ToDoList */,
				B4AD902F202D6DFC000F1EB0 /* Me */,
			);
			path = Business;
			sourceTree = "<group>";
		};
		B4AD901B202D547D000F1EB0 /* ToDoList */ = {
			isa = PBXGroup;
			children = (
				B4AD901C202D547D000F1EB0 /* Controller */,
				B4AD901D202D547D000F1EB0 /* Model */,
				B4AD901E202D547D000F1EB0 /* View */,
			);
			path = ToDoList;
			sourceTree = "<group>";
		};
		B4AD901C202D547D000F1EB0 /* Controller */ = {
			isa = PBXGroup;
			children = (
				B4AD9024202D54ED000F1EB0 /* BWToDoListViewController.h */,
				B4AD9025202D54ED000F1EB0 /* BWToDoListViewController.m */,
				B4AD9033202D6E08000F1EB0 /* BWToDoListViewController.xib */,
				B4B9327A2032E35400F8D749 /* BWToDoListSearchResultViewController.h */,
				B4B9327B2032E35400F8D749 /* BWToDoListSearchResultViewController.m */,
				B4B9327C2032E35400F8D749 /* BWToDoListSearchResultViewController.xib */,
				B4AD9046202D97FA000F1EB0 /* Detail */,
			);
			path = Controller;
			sourceTree = "<group>";
		};
		B4AD901D202D547D000F1EB0 /* Model */ = {
			isa = PBXGroup;
			children = (
			);
			path = Model;
			sourceTree = "<group>";
		};
		B4AD901E202D547D000F1EB0 /* View */ = {
			isa = PBXGroup;
			children = (
				B4AD903E202D79D1000F1EB0 /* BWToDoListCell.h */,
				B4AD903F202D79D1000F1EB0 /* BWToDoListCell.m */,
				B4AD9040202D79D1000F1EB0 /* BWToDoListCell.xib */,
			);
			path = View;
			sourceTree = "<group>";
		};
		B4AD901F202D54BB000F1EB0 /* Common */ = {
			isa = PBXGroup;
			children = (
				B4AD9020202D54BB000F1EB0 /* Class */,
				B4AD9027202D69FF000F1EB0 /* Category */,
				B4B3F96C20311EAE0064F9CF /* Utility */,
			);
			path = Common;
			sourceTree = "<group>";
		};
		B4AD9020202D54BB000F1EB0 /* Class */ = {
			isa = PBXGroup;
			children = (
				B4AD9021202D54D1000F1EB0 /* BWBaseViewController.h */,
				B4AD9022202D54D1000F1EB0 /* BWBaseViewController.m */,
			);
			path = Class;
			sourceTree = "<group>";
		};
		B4AD9027202D69FF000F1EB0 /* Category */ = {
			isa = PBXGroup;
			children = (
				B4AD9028202D69FF000F1EB0 /* Foundation */,
				B4AD902A202D69FF000F1EB0 /* UIKit */,
				B4AD9029202D69FF000F1EB0 /* QuartzCore */,
			);
			path = Category;
			sourceTree = "<group>";
		};
		B4AD9028202D69FF000F1EB0 /* Foundation */ = {
			isa = PBXGroup;
			children = (
			);
			path = Foundation;
			sourceTree = "<group>";
		};
		B4AD9029202D69FF000F1EB0 /* QuartzCore */ = {
			isa = PBXGroup;
			children = (
			);
			path = QuartzCore;
			sourceTree = "<group>";
		};
		B4AD902A202D69FF000F1EB0 /* UIKit */ = {
			isa = PBXGroup;
			children = (
				B4AD902B202D6A9B000F1EB0 /* UINavigationController+BWAdd.h */,
				B4AD902C202D6A9B000F1EB0 /* UINavigationController+BWAdd.m */,
			);
			path = UIKit;
			sourceTree = "<group>";
		};
		B4AD902F202D6DFC000F1EB0 /* Me */ = {
			isa = PBXGroup;
			children = (
				B4AD9030202D6DFC000F1EB0 /* Controller */,
				B4AD9031202D6DFC000F1EB0 /* Model */,
				B4AD9032202D6DFC000F1EB0 /* View */,
			);
			path = Me;
			sourceTree = "<group>";
		};
		B4AD9030202D6DFC000F1EB0 /* Controller */ = {
			isa = PBXGroup;
			children = (
				B4AD9035202D6E78000F1EB0 /* BWMeViewController.h */,
				B4AD9036202D6E78000F1EB0 /* BWMeViewController.m */,
				B4AD9037202D6E78000F1EB0 /* BWMeViewController.xib */,
			);
			path = Controller;
			sourceTree = "<group>";
		};
		B4AD9031202D6DFC000F1EB0 /* Model */ = {
			isa = PBXGroup;
			children = (
			);
			path = Model;
			sourceTree = "<group>";
		};
		B4AD9032202D6DFC000F1EB0 /* View */ = {
			isa = PBXGroup;
			children = (
			);
			path = View;
			sourceTree = "<group>";
		};
		B4AD903A202D6E90000F1EB0 /* Main */ = {
			isa = PBXGroup;
			children = (
				B4AD903B202D6EA5000F1EB0 /* BWMainTabBarController.h */,
				B4AD903C202D6EA5000F1EB0 /* BWMainTabBarController.m */,
			);
			path = Main;
			sourceTree = "<group>";
		};
		B4AD9043202D8A28000F1EB0 /* Document */ = {
			isa = PBXGroup;
			children = (
				B4AD9044202D8A49000F1EB0 /* Document.md */,
				B4A8A5D6203183B5003AE144 /* ToDoRecord.md */,
			);
			path = Document;
			sourceTree = "<group>";
		};
		B4AD9046202D97FA000F1EB0 /* Detail */ = {
			isa = PBXGroup;
			children = (
				B4AD9048202D9812000F1EB0 /* Controller */,
				B4AD9047202D9812000F1EB0 /* Model */,
				B4AD9049202D9812000F1EB0 /* View */,
			);
			path = Detail;
			sourceTree = "<group>";
		};
		B4AD9047202D9812000F1EB0 /* Model */ = {
			isa = PBXGroup;
			children = (
			);
			path = Model;
			sourceTree = "<group>";
		};
		B4AD9048202D9812000F1EB0 /* Controller */ = {
			isa = PBXGroup;
			children = (
				B4AD904A202D9837000F1EB0 /* BWToDoDetailViewController.h */,
				B4AD904B202D9837000F1EB0 /* BWToDoDetailViewController.m */,
				B4AD904C202D9837000F1EB0 /* BWToDoDetailViewController.xib */,
			);
			path = Controller;
			sourceTree = "<group>";
		};
		B4AD9049202D9812000F1EB0 /* View */ = {
			isa = PBXGroup;
			children = (
			);
			path = View;
			sourceTree = "<group>";
		};
		B4B3F96C20311EAE0064F9CF /* Utility */ = {
			isa = PBXGroup;
			children = (
			);
			path = Utility;
			sourceTree = "<group>";
		};
		B4B3F9712031215A0064F9CF /* CoreData */ = {
			isa = PBXGroup;
			children = (
				B4B3F9722031215A0064F9CF /* Manager */,
				B4B3F97D2031226A0064F9CF /* Entity */,
				B4B3F9762031215A0064F9CF /* Resource */,
			);
			path = CoreData;
			sourceTree = "<group>";
		};
		B4B3F9722031215A0064F9CF /* Manager */ = {
			isa = PBXGroup;
			children = (
				B4B3F9732031215A0064F9CF /* BWCoreDataManager.h */,
				B4B3F9742031215A0064F9CF /* BWCoreDataManager.m */,
			);
			path = Manager;
			sourceTree = "<group>";
		};
		B4B3F9762031215A0064F9CF /* Resource */ = {
			isa = PBXGroup;
			children = (
				B4B3F9772031215A0064F9CF /* BWToDoModel.xcdatamodeld */,
			);
			path = Resource;
			sourceTree = "<group>";
		};
		B4B3F97D2031226A0064F9CF /* Entity */ = {
			isa = PBXGroup;
			children = (
				B4B3F97E203125F50064F9CF /* ToDoItem */,
			);
			path = Entity;
			sourceTree = "<group>";
		};
		B4B3F97E203125F50064F9CF /* ToDoItem */ = {
			isa = PBXGroup;
			children = (
				B4B3F9812031268E0064F9CF /* BWToDoItem.h */,
				B4B3F9822031268E0064F9CF /* BWToDoItem.m */,
			);
			path = ToDoItem;
			sourceTree = "<group>";
		};
		B4B53DCF202C02B300D9242F = {
			isa = PBXGroup;
			children = (
				B4B53DDA202C02B400D9242F /* BWToDoList */,
				B4B53DF3202C02B400D9242F /* BWToDoListTests */,
				B4B53DFE202C02B400D9242F /* BWToDoListUITests */,
				B4B53DD9202C02B400D9242F /* Products */,
				C64A9ED1B84E236CD7FA421B /* Pods */,
				455E3B6ABF42A84621592445 /* Frameworks */,
			);
			sourceTree = "<group>";
		};
		B4B53DD9202C02B400D9242F /* Products */ = {
			isa = PBXGroup;
			children = (
				B4B53DD8202C02B400D9242F /* BWToDoList.app */,
				B4B53DF0202C02B400D9242F /* BWToDoListTests.xctest */,
				B4B53DFB202C02B400D9242F /* BWToDoListUITests.xctest */,
			);
			name = Products;
			sourceTree = "<group>";
		};
		B4B53DDA202C02B400D9242F /* BWToDoList */ = {
			isa = PBXGroup;
			children = (
				B4B53DDB202C02B400D9242F /* AppDelegate.h */,
				B4B53DDC202C02B400D9242F /* AppDelegate.m */,
				B4AD9043202D8A28000F1EB0 /* Document */,
				B4AD901A202D547D000F1EB0 /* Business */,
				B4AD901F202D54BB000F1EB0 /* Common */,
				B4B3F9712031215A0064F9CF /* CoreData */,
				B4B53E47202C049E00D9242F /* Design */,
				B4B3F97B203121D10064F9CF /* Images.xcassets */,
				B4B53E49202C04CB00D9242F /* Supporting Files */,
			);
			path = BWToDoList;
			sourceTree = "<group>";
		};
		B4B53DF3202C02B400D9242F /* BWToDoListTests */ = {
			isa = PBXGroup;
			children = (
				B4B53DF4202C02B400D9242F /* BWToDoListTests.m */,
				B4B53DF6202C02B400D9242F /* Info.plist */,
			);
			path = BWToDoListTests;
			sourceTree = "<group>";
		};
		B4B53DFE202C02B400D9242F /* BWToDoListUITests */ = {
			isa = PBXGroup;
			children = (
				B4B53DFF202C02B400D9242F /* BWToDoListUITests.m */,
				B4B53E01202C02B400D9242F /* Info.plist */,
			);
			path = BWToDoListUITests;
			sourceTree = "<group>";
		};
		B4B53E47202C049E00D9242F /* Design */ = {
			isa = PBXGroup;
			children = (
				B4B53E4A202C050100D9242F /* UI */,
			);
			path = Design;
			sourceTree = "<group>";
		};
		B4B53E49202C04CB00D9242F /* Supporting Files */ = {
			isa = PBXGroup;
			children = (
				B4B53DEA202C02B400D9242F /* main.m */,
				B4B53DE9202C02B400D9242F /* Info.plist */,
				B4B53DE6202C02B400D9242F /* LaunchScreen.storyboard */,
				B4B53DE1202C02B400D9242F /* Main.storyboard */,
			);
			name = "Supporting Files";
			sourceTree = "<group>";
		};
		B4B53E4A202C050100D9242F /* UI */ = {
			isa = PBXGroup;
			children = (
				B4B53E4B202C052200D9242F /* Design0.xib */,
			);
			path = UI;
			sourceTree = "<group>";
		};
		C64A9ED1B84E236CD7FA421B /* Pods */ = {
			isa = PBXGroup;
			children = (
				A6C52411FC9A586487F742D2 /* Pods-BWToDoList.debug.xcconfig */,
				A25AFF590B9EE6EA282ACBB7 /* Pods-BWToDoList.release.xcconfig */,
			);
			name = Pods;
			sourceTree = "<group>";
		};
/* End PBXGroup section */

/* Begin PBXNativeTarget section */
		B4B53DD7202C02B400D9242F /* BWToDoList */ = {
			isa = PBXNativeTarget;
			buildConfigurationList = B4B53E04202C02B400D9242F /* Build configuration list for PBXNativeTarget "BWToDoList" */;
			buildPhases = (
				31034E4FB43B121E75014A2A /* [CP] Check Pods Manifest.lock */,
				B4B53DD4202C02B400D9242F /* Sources */,
				B4B53DD5202C02B400D9242F /* Frameworks */,
				B4B53DD6202C02B400D9242F /* Resources */,
				8DC651FC20B7407C8C043350 /* [CP] Embed Pods Frameworks */,
				959FAB5C5FA6FF24661DFE8B /* [CP] Copy Pods Resources */,
			);
			buildRules = (
			);
			dependencies = (
			);
			name = BWToDoList;
			productName = BWToDoList;
			productReference = B4B53DD8202C02B400D9242F /* BWToDoList.app */;
			productType = "com.apple.product-type.application";
		};
		B4B53DEF202C02B400D9242F /* BWToDoListTests */ = {
			isa = PBXNativeTarget;
			buildConfigurationList = B4B53E07202C02B400D9242F /* Build configuration list for PBXNativeTarget "BWToDoListTests" */;
			buildPhases = (
				B4B53DEC202C02B400D9242F /* Sources */,
				B4B53DED202C02B400D9242F /* Frameworks */,
				B4B53DEE202C02B400D9242F /* Resources */,
			);
			buildRules = (
			);
			dependencies = (
				B4B53DF2202C02B400D9242F /* PBXTargetDependency */,
			);
			name = BWToDoListTests;
			productName = BWToDoListTests;
			productReference = B4B53DF0202C02B400D9242F /* BWToDoListTests.xctest */;
			productType = "com.apple.product-type.bundle.unit-test";
		};
		B4B53DFA202C02B400D9242F /* BWToDoListUITests */ = {
			isa = PBXNativeTarget;
			buildConfigurationList = B4B53E0A202C02B400D9242F /* Build configuration list for PBXNativeTarget "BWToDoListUITests" */;
			buildPhases = (
				B4B53DF7202C02B400D9242F /* Sources */,
				B4B53DF8202C02B400D9242F /* Frameworks */,
				B4B53DF9202C02B400D9242F /* Resources */,
			);
			buildRules = (
			);
			dependencies = (
				B4B53DFD202C02B400D9242F /* PBXTargetDependency */,
			);
			name = BWToDoListUITests;
			productName = BWToDoListUITests;
			productReference = B4B53DFB202C02B400D9242F /* BWToDoListUITests.xctest */;
			productType = "com.apple.product-type.bundle.ui-testing";
		};
/* End PBXNativeTarget section */

/* Begin PBXProject section */
		B4B53DD0202C02B300D9242F /* Project object */ = {
			isa = PBXProject;
			attributes = {
				LastUpgradeCheck = 0920;
				ORGANIZATIONNAME = BobWongStudio;
				TargetAttributes = {
					B4B53DD7202C02B400D9242F = {
						CreatedOnToolsVersion = 9.2;
						ProvisioningStyle = Automatic;
					};
					B4B53DEF202C02B400D9242F = {
						CreatedOnToolsVersion = 9.2;
						ProvisioningStyle = Automatic;
						TestTargetID = B4B53DD7202C02B400D9242F;
					};
					B4B53DFA202C02B400D9242F = {
						CreatedOnToolsVersion = 9.2;
						ProvisioningStyle = Automatic;
						TestTargetID = B4B53DD7202C02B400D9242F;
					};
				};
			};
			buildConfigurationList = B4B53DD3202C02B300D9242F /* Build configuration list for PBXProject "BWToDoList" */;
			compatibilityVersion = "Xcode 8.0";
			developmentRegion = en;
			hasScannedForEncodings = 0;
			knownRegions = (
				en,
				Base,
			);
			mainGroup = B4B53DCF202C02B300D9242F;
			productRefGroup = B4B53DD9202C02B400D9242F /* Products */;
			projectDirPath = "";
			projectRoot = "";
			targets = (
				B4B53DD7202C02B400D9242F /* BWToDoList */,
				B4B53DEF202C02B400D9242F /* BWToDoListTests */,
				B4B53DFA202C02B400D9242F /* BWToDoListUITests */,
			);
		};
/* End PBXProject section */

/* Begin PBXResourcesBuildPhase section */
		B4B53DD6202C02B400D9242F /* Resources */ = {
			isa = PBXResourcesBuildPhase;
			buildActionMask = 2147483647;
			files = (
				B4B9327E2032E35400F8D749 /* BWToDoListSearchResultViewController.xib in Resources */,
				B4B3F97C203121D10064F9CF /* Images.xcassets in Resources */,
				B4AD904E202D9837000F1EB0 /* BWToDoDetailViewController.xib in Resources */,
				B4B53DE8202C02B400D9242F /* LaunchScreen.storyboard in Resources */,
				B4B53E4C202C052200D9242F /* Design0.xib in Resources */,
				B4B53DE3202C02B400D9242F /* Main.storyboard in Resources */,
				B4AD9045202D8A49000F1EB0 /* Document.md in Resources */,
				B4AD9034202D6E08000F1EB0 /* BWToDoListViewController.xib in Resources */,
				B4AD9042202D79D1000F1EB0 /* BWToDoListCell.xib in Resources */,
				B4AD9039202D6E78000F1EB0 /* BWMeViewController.xib in Resources */,
				B4A8A5D7203183B5003AE144 /* ToDoRecord.md in Resources */,
			);
			runOnlyForDeploymentPostprocessing = 0;
		};
		B4B53DEE202C02B400D9242F /* Resources */ = {
			isa = PBXResourcesBuildPhase;
			buildActionMask = 2147483647;
			files = (
			);
			runOnlyForDeploymentPostprocessing = 0;
		};
		B4B53DF9202C02B400D9242F /* Resources */ = {
			isa = PBXResourcesBuildPhase;
			buildActionMask = 2147483647;
			files = (
			);
			runOnlyForDeploymentPostprocessing = 0;
		};
/* End PBXResourcesBuildPhase section */

/* Begin PBXShellScriptBuildPhase section */
		31034E4FB43B121E75014A2A /* [CP] Check Pods Manifest.lock */ = {
			isa = PBXShellScriptBuildPhase;
			buildActionMask = 2147483647;
			files = (
			);
			inputPaths = (
				"${PODS_PODFILE_DIR_PATH}/Podfile.lock",
				"${PODS_ROOT}/Manifest.lock",
			);
			name = "[CP] Check Pods Manifest.lock";
			outputPaths = (
				"$(DERIVED_FILE_DIR)/Pods-BWToDoList-checkManifestLockResult.txt",
			);
			runOnlyForDeploymentPostprocessing = 0;
			shellPath = /bin/sh;
			shellScript = "diff \"${PODS_PODFILE_DIR_PATH}/Podfile.lock\" \"${PODS_ROOT}/Manifest.lock\" > /dev/null\nif [ $? != 0 ] ; then\n    # print error to STDERR\n    echo \"error: The sandbox is not in sync with the Podfile.lock. Run 'pod install' or update your CocoaPods installation.\" >&2\n    exit 1\nfi\n# This output is used by Xcode 'outputs' to avoid re-running this script phase.\necho \"SUCCESS\" > \"${SCRIPT_OUTPUT_FILE_0}\"\n";
			showEnvVarsInLog = 0;
		};
		8DC651FC20B7407C8C043350 /* [CP] Embed Pods Frameworks */ = {
			isa = PBXShellScriptBuildPhase;
			buildActionMask = 2147483647;
			files = (
			);
			inputPaths = (
			);
			name = "[CP] Embed Pods Frameworks";
			outputPaths = (
			);
			runOnlyForDeploymentPostprocessing = 0;
			shellPath = /bin/sh;
			shellScript = "\"${SRCROOT}/Pods/Target Support Files/Pods-BWToDoList/Pods-BWToDoList-frameworks.sh\"\n";
			showEnvVarsInLog = 0;
		};
		959FAB5C5FA6FF24661DFE8B /* [CP] Copy Pods Resources */ = {
			isa = PBXShellScriptBuildPhase;
			buildActionMask = 2147483647;
			files = (
			);
			inputPaths = (
			);
			name = "[CP] Copy Pods Resources";
			outputPaths = (
			);
			runOnlyForDeploymentPostprocessing = 0;
			shellPath = /bin/sh;
			shellScript = "\"${SRCROOT}/Pods/Target Support Files/Pods-BWToDoList/Pods-BWToDoList-resources.sh\"\n";
			showEnvVarsInLog = 0;
		};
/* End PBXShellScriptBuildPhase section */

/* Begin PBXSourcesBuildPhase section */
		B4B53DD4202C02B400D9242F /* Sources */ = {
			isa = PBXSourcesBuildPhase;
			buildActionMask = 2147483647;
			files = (
				B4B9327D2032E35400F8D749 /* BWToDoListSearchResultViewController.m in Sources */,
				B4AD904D202D9837000F1EB0 /* BWToDoDetailViewController.m in Sources */,
				B4AD9023202D54D1000F1EB0 /* BWBaseViewController.m in Sources */,
				B4AD903D202D6EA5000F1EB0 /* BWMainTabBarController.m in Sources */,
				B4B3F9792031215B0064F9CF /* BWCoreDataManager.m in Sources */,
				B4AD9038202D6E78000F1EB0 /* BWMeViewController.m in Sources */,
				B4B3F9832031268E0064F9CF /* BWToDoItem.m in Sources */,
				B4B3F97A2031215B0064F9CF /* BWToDoModel.xcdatamodeld in Sources */,
				B4B53DEB202C02B400D9242F /* main.m in Sources */,
				B4AD9026202D54ED000F1EB0 /* BWToDoListViewController.m in Sources */,
				B4AD902D202D6A9B000F1EB0 /* UINavigationController+BWAdd.m in Sources */,
				B4AD9041202D79D1000F1EB0 /* BWToDoListCell.m in Sources */,
				B4B53DDD202C02B400D9242F /* AppDelegate.m in Sources */,
			);
			runOnlyForDeploymentPostprocessing = 0;
		};
		B4B53DEC202C02B400D9242F /* Sources */ = {
			isa = PBXSourcesBuildPhase;
			buildActionMask = 2147483647;
			files = (
				B4B53DF5202C02B400D9242F /* BWToDoListTests.m in Sources */,
			);
			runOnlyForDeploymentPostprocessing = 0;
		};
		B4B53DF7202C02B400D9242F /* Sources */ = {
			isa = PBXSourcesBuildPhase;
			buildActionMask = 2147483647;
			files = (
				B4B53E00202C02B400D9242F /* BWToDoListUITests.m in Sources */,
			);
			runOnlyForDeploymentPostprocessing = 0;
		};
/* End PBXSourcesBuildPhase section */

/* Begin PBXTargetDependency section */
		B4B53DF2202C02B400D9242F /* PBXTargetDependency */ = {
			isa = PBXTargetDependency;
			target = B4B53DD7202C02B400D9242F /* BWToDoList */;
			targetProxy = B4B53DF1202C02B400D9242F /* PBXContainerItemProxy */;
		};
		B4B53DFD202C02B400D9242F /* PBXTargetDependency */ = {
			isa = PBXTargetDependency;
			target = B4B53DD7202C02B400D9242F /* BWToDoList */;
			targetProxy = B4B53DFC202C02B400D9242F /* PBXContainerItemProxy */;
		};
/* End PBXTargetDependency section */

/* Begin PBXVariantGroup section */
		B4B53DE1202C02B400D9242F /* Main.storyboard */ = {
			isa = PBXVariantGroup;
			children = (
				B4B53DE2202C02B400D9242F /* Base */,
			);
			name = Main.storyboard;
			sourceTree = "<group>";
		};
		B4B53DE6202C02B400D9242F /* LaunchScreen.storyboard */ = {
			isa = PBXVariantGroup;
			children = (
				B4B53DE7202C02B400D9242F /* Base */,
			);
			name = LaunchScreen.storyboard;
			sourceTree = "<group>";
		};
/* End PBXVariantGroup section */

/* Begin XCBuildConfiguration section */
		B4B53E02202C02B400D9242F /* Debug */ = {
			isa = XCBuildConfiguration;
			buildSettings = {
				ALWAYS_EMBED_SWIFT_STANDARD_LIBRARIES = NO;
				ALWAYS_SEARCH_USER_PATHS = NO;
				CLANG_ANALYZER_NONNULL = YES;
				CLANG_ANALYZER_NUMBER_OBJECT_CONVERSION = YES_AGGRESSIVE;
				CLANG_CXX_LANGUAGE_STANDARD = "gnu++14";
				CLANG_CXX_LIBRARY = "libc++";
				CLANG_ENABLE_MODULES = YES;
				CLANG_ENABLE_OBJC_ARC = YES;
				CLANG_WARN_BLOCK_CAPTURE_AUTORELEASING = YES;
				CLANG_WARN_BOOL_CONVERSION = YES;
				CLANG_WARN_COMMA = YES;
				CLANG_WARN_CONSTANT_CONVERSION = YES;
				CLANG_WARN_DIRECT_OBJC_ISA_USAGE = YES_ERROR;
				CLANG_WARN_DOCUMENTATION_COMMENTS = YES;
				CLANG_WARN_EMPTY_BODY = YES;
				CLANG_WARN_ENUM_CONVERSION = YES;
				CLANG_WARN_INFINITE_RECURSION = YES;
				CLANG_WARN_INT_CONVERSION = YES;
				CLANG_WARN_NON_LITERAL_NULL_CONVERSION = YES;
				CLANG_WARN_OBJC_LITERAL_CONVERSION = YES;
				CLANG_WARN_OBJC_ROOT_CLASS = YES_ERROR;
				CLANG_WARN_RANGE_LOOP_ANALYSIS = YES;
				CLANG_WARN_STRICT_PROTOTYPES = YES;
				CLANG_WARN_SUSPICIOUS_MOVE = YES;
				CLANG_WARN_UNGUARDED_AVAILABILITY = YES_AGGRESSIVE;
				CLANG_WARN_UNREACHABLE_CODE = YES;
				CLANG_WARN__DUPLICATE_METHOD_MATCH = YES;
				CODE_SIGN_IDENTITY = "iPhone Developer";
				COPY_PHASE_STRIP = NO;
				DEBUG_INFORMATION_FORMAT = dwarf;
				ENABLE_STRICT_OBJC_MSGSEND = YES;
				ENABLE_TESTABILITY = YES;
				GCC_C_LANGUAGE_STANDARD = gnu11;
				GCC_DYNAMIC_NO_PIC = NO;
				GCC_NO_COMMON_BLOCKS = YES;
				GCC_OPTIMIZATION_LEVEL = 0;
				GCC_PREPROCESSOR_DEFINITIONS = (
					"DEBUG=1",
					"$(inherited)",
				);
				GCC_WARN_64_TO_32_BIT_CONVERSION = YES;
				GCC_WARN_ABOUT_RETURN_TYPE = YES_ERROR;
				GCC_WARN_UNDECLARED_SELECTOR = YES;
				GCC_WARN_UNINITIALIZED_AUTOS = YES_AGGRESSIVE;
				GCC_WARN_UNUSED_FUNCTION = YES;
				GCC_WARN_UNUSED_VARIABLE = YES;
				IPHONEOS_DEPLOYMENT_TARGET = 11.2;
				MTL_ENABLE_DEBUG_INFO = YES;
				ONLY_ACTIVE_ARCH = YES;
				SDKROOT = iphoneos;
				STRIP_SWIFT_SYMBOLS = YES;
			};
			name = Debug;
		};
		B4B53E03202C02B400D9242F /* Release */ = {
			isa = XCBuildConfiguration;
			buildSettings = {
				ALWAYS_EMBED_SWIFT_STANDARD_LIBRARIES = NO;
				ALWAYS_SEARCH_USER_PATHS = NO;
				CLANG_ANALYZER_NONNULL = YES;
				CLANG_ANALYZER_NUMBER_OBJECT_CONVERSION = YES_AGGRESSIVE;
				CLANG_CXX_LANGUAGE_STANDARD = "gnu++14";
				CLANG_CXX_LIBRARY = "libc++";
				CLANG_ENABLE_MODULES = YES;
				CLANG_ENABLE_OBJC_ARC = YES;
				CLANG_WARN_BLOCK_CAPTURE_AUTORELEASING = YES;
				CLANG_WARN_BOOL_CONVERSION = YES;
				CLANG_WARN_COMMA = YES;
				CLANG_WARN_CONSTANT_CONVERSION = YES;
				CLANG_WARN_DIRECT_OBJC_ISA_USAGE = YES_ERROR;
				CLANG_WARN_DOCUMENTATION_COMMENTS = YES;
				CLANG_WARN_EMPTY_BODY = YES;
				CLANG_WARN_ENUM_CONVERSION = YES;
				CLANG_WARN_INFINITE_RECURSION = YES;
				CLANG_WARN_INT_CONVERSION = YES;
				CLANG_WARN_NON_LITERAL_NULL_CONVERSION = YES;
				CLANG_WARN_OBJC_LITERAL_CONVERSION = YES;
				CLANG_WARN_OBJC_ROOT_CLASS = YES_ERROR;
				CLANG_WARN_RANGE_LOOP_ANALYSIS = YES;
				CLANG_WARN_STRICT_PROTOTYPES = YES;
				CLANG_WARN_SUSPICIOUS_MOVE = YES;
				CLANG_WARN_UNGUARDED_AVAILABILITY = YES_AGGRESSIVE;
				CLANG_WARN_UNREACHABLE_CODE = YES;
				CLANG_WARN__DUPLICATE_METHOD_MATCH = YES;
				CODE_SIGN_IDENTITY = "iPhone Developer";
				COPY_PHASE_STRIP = NO;
				DEBUG_INFORMATION_FORMAT = "dwarf-with-dsym";
				ENABLE_NS_ASSERTIONS = NO;
				ENABLE_STRICT_OBJC_MSGSEND = YES;
				GCC_C_LANGUAGE_STANDARD = gnu11;
				GCC_NO_COMMON_BLOCKS = YES;
				GCC_WARN_64_TO_32_BIT_CONVERSION = YES;
				GCC_WARN_ABOUT_RETURN_TYPE = YES_ERROR;
				GCC_WARN_UNDECLARED_SELECTOR = YES;
				GCC_WARN_UNINITIALIZED_AUTOS = YES_AGGRESSIVE;
				GCC_WARN_UNUSED_FUNCTION = YES;
				GCC_WARN_UNUSED_VARIABLE = YES;
				IPHONEOS_DEPLOYMENT_TARGET = 11.2;
				MTL_ENABLE_DEBUG_INFO = NO;
				SDKROOT = iphoneos;
				STRIP_SWIFT_SYMBOLS = YES;
				VALIDATE_PRODUCT = YES;
			};
			name = Release;
		};
		B4B53E05202C02B400D9242F /* Debug */ = {
			isa = XCBuildConfiguration;
			baseConfigurationReference = A6C52411FC9A586487F742D2 /* Pods-BWToDoList.debug.xcconfig */;
			buildSettings = {
				ASSETCATALOG_COMPILER_APPICON_NAME = AppIcon;
				ASSETCATALOG_COMPILER_LAUNCHIMAGE_NAME = LaunchImage;
				CODE_SIGN_STYLE = Automatic;
				DEVELOPMENT_TEAM = V3E8GUFW32;
				INFOPLIST_FILE = BWToDoList/Info.plist;
				IPHONEOS_DEPLOYMENT_TARGET = 9.0;
				LD_RUNPATH_SEARCH_PATHS = "$(inherited) @executable_path/Frameworks";
				PRODUCT_BUNDLE_IDENTIFIER = com.bws.todolist;
				PRODUCT_NAME = "$(TARGET_NAME)";
				TARGETED_DEVICE_FAMILY = "1,2";
			};
			name = Debug;
		};
		B4B53E06202C02B400D9242F /* Release */ = {
			isa = XCBuildConfiguration;
			baseConfigurationReference = A25AFF590B9EE6EA282ACBB7 /* Pods-BWToDoList.release.xcconfig */;
			buildSettings = {
				ASSETCATALOG_COMPILER_APPICON_NAME = AppIcon;
				ASSETCATALOG_COMPILER_LAUNCHIMAGE_NAME = LaunchImage;
				CODE_SIGN_STYLE = Automatic;
				DEVELOPMENT_TEAM = V3E8GUFW32;
				INFOPLIST_FILE = BWToDoList/Info.plist;
				IPHONEOS_DEPLOYMENT_TARGET = 9.0;
				LD_RUNPATH_SEARCH_PATHS = "$(inherited) @executable_path/Frameworks";
				PRODUCT_BUNDLE_IDENTIFIER = com.bws.todolist;
				PRODUCT_NAME = "$(TARGET_NAME)";
				TARGETED_DEVICE_FAMILY = "1,2";
			};
			name = Release;
		};
		B4B53E08202C02B400D9242F /* Debug */ = {
			isa = XCBuildConfiguration;
			buildSettings = {
				BUNDLE_LOADER = "$(TEST_HOST)";
				CODE_SIGN_STYLE = Automatic;
				DEVELOPMENT_TEAM = V3E8GUFW32;
				INFOPLIST_FILE = BWToDoListTests/Info.plist;
				LD_RUNPATH_SEARCH_PATHS = "$(inherited) @executable_path/Frameworks @loader_path/Frameworks";
				PRODUCT_BUNDLE_IDENTIFIER = com.bws.BWToDoListTests;
				PRODUCT_NAME = "$(TARGET_NAME)";
				TARGETED_DEVICE_FAMILY = "1,2";
				TEST_HOST = "$(BUILT_PRODUCTS_DIR)/BWToDoList.app/BWToDoList";
			};
			name = Debug;
		};
		B4B53E09202C02B400D9242F /* Release */ = {
			isa = XCBuildConfiguration;
			buildSettings = {
				BUNDLE_LOADER = "$(TEST_HOST)";
				CODE_SIGN_STYLE = Automatic;
				DEVELOPMENT_TEAM = V3E8GUFW32;
				INFOPLIST_FILE = BWToDoListTests/Info.plist;
				LD_RUNPATH_SEARCH_PATHS = "$(inherited) @executable_path/Frameworks @loader_path/Frameworks";
				PRODUCT_BUNDLE_IDENTIFIER = com.bws.BWToDoListTests;
				PRODUCT_NAME = "$(TARGET_NAME)";
				TARGETED_DEVICE_FAMILY = "1,2";
				TEST_HOST = "$(BUILT_PRODUCTS_DIR)/BWToDoList.app/BWToDoList";
			};
			name = Release;
		};
		B4B53E0B202C02B400D9242F /* Debug */ = {
			isa = XCBuildConfiguration;
			buildSettings = {
				CODE_SIGN_STYLE = Automatic;
				DEVELOPMENT_TEAM = V3E8GUFW32;
				INFOPLIST_FILE = BWToDoListUITests/Info.plist;
				LD_RUNPATH_SEARCH_PATHS = "$(inherited) @executable_path/Frameworks @loader_path/Frameworks";
				PRODUCT_BUNDLE_IDENTIFIER = com.bws.BWToDoListUITests;
				PRODUCT_NAME = "$(TARGET_NAME)";
				TARGETED_DEVICE_FAMILY = "1,2";
				TEST_TARGET_NAME = BWToDoList;
			};
			name = Debug;
		};
		B4B53E0C202C02B400D9242F /* Release */ = {
			isa = XCBuildConfiguration;
			buildSettings = {
				CODE_SIGN_STYLE = Automatic;
				DEVELOPMENT_TEAM = V3E8GUFW32;
				INFOPLIST_FILE = BWToDoListUITests/Info.plist;
				LD_RUNPATH_SEARCH_PATHS = "$(inherited) @executable_path/Frameworks @loader_path/Frameworks";
				PRODUCT_BUNDLE_IDENTIFIER = com.bws.BWToDoListUITests;
				PRODUCT_NAME = "$(TARGET_NAME)";
				TARGETED_DEVICE_FAMILY = "1,2";
				TEST_TARGET_NAME = BWToDoList;
			};
			name = Release;
		};
/* End XCBuildConfiguration section */

/* Begin XCConfigurationList section */
		B4B53DD3202C02B300D9242F /* Build configuration list for PBXProject "BWToDoList" */ = {
			isa = XCConfigurationList;
			buildConfigurations = (
				B4B53E02202C02B400D9242F /* Debug */,
				B4B53E03202C02B400D9242F /* Release */,
			);
			defaultConfigurationIsVisible = 0;
			defaultConfigurationName = Release;
		};
		B4B53E04202C02B400D9242F /* Build configuration list for PBXNativeTarget "BWToDoList" */ = {
			isa = XCConfigurationList;
			buildConfigurations = (
				B4B53E05202C02B400D9242F /* Debug */,
				B4B53E06202C02B400D9242F /* Release */,
			);
			defaultConfigurationIsVisible = 0;
			defaultConfigurationName = Release;
		};
		B4B53E07202C02B400D9242F /* Build configuration list for PBXNativeTarget "BWToDoListTests" */ = {
			isa = XCConfigurationList;
			buildConfigurations = (
				B4B53E08202C02B400D9242F /* Debug */,
				B4B53E09202C02B400D9242F /* Release */,
			);
			defaultConfigurationIsVisible = 0;
			defaultConfigurationName = Release;
		};
		B4B53E0A202C02B400D9242F /* Build configuration list for PBXNativeTarget "BWToDoListUITests" */ = {
			isa = XCConfigurationList;
			buildConfigurations = (
				B4B53E0B202C02B400D9242F /* Debug */,
				B4B53E0C202C02B400D9242F /* Release */,
			);
			defaultConfigurationIsVisible = 0;
			defaultConfigurationName = Release;
		};
/* End XCConfigurationList section */

/* Begin XCVersionGroup section */
		B4B3F9772031215A0064F9CF /* BWToDoModel.xcdatamodeld */ = {
			isa = XCVersionGroup;
			children = (
				B4B3F9782031215A0064F9CF /* BWToDoModel.xcdatamodel */,
			);
			currentVersion = B4B3F9782031215A0064F9CF /* BWToDoModel.xcdatamodel */;
			path = BWToDoModel.xcdatamodeld;
			sourceTree = "<group>";
			versionGroupType = wrapper.xcdatamodel;
		};
/* End XCVersionGroup section */
	};
	rootObject = B4B53DD0202C02B300D9242F /* Project object */;
}
